// !$*UTF8*$!
{
	archiveVersion = 1;
	classes = {
	};
	objectVersion = 46;
	objects = {

/* Begin PBXBuildFile section */
		00E356F31AD99517003FC87E /* DailyKinTests.m in Sources */ = {isa = PBXBuildFile; fileRef = 00E356F21AD99517003FC87E /* DailyKinTests.m */; };
		053921D97E9E40DBA9D0F2DB /* 8s.png in Resources */ = {isa = PBXBuildFile; fileRef = E38EE369FEFD4911AA7C3654 /* 8s.png */; };
		0B8CA176A06C46F59D28A7A9 /* moon_wang.png in Resources */ = {isa = PBXBuildFile; fileRef = 05B849979A144C688652E5DA /* moon_wang.png */; };
		0D9DA27CB9C247F880222CB2 /* 10s.png in Resources */ = {isa = PBXBuildFile; fileRef = 213A63EF81BA4956AAA42F4C /* 10s.png */; };
		13B07FBC1A68108700A75B9A /* AppDelegate.m in Sources */ = {isa = PBXBuildFile; fileRef = 13B07FB01A68108700A75B9A /* AppDelegate.m */; };
		13B07FBD1A68108700A75B9A /* LaunchScreen.xib in Resources */ = {isa = PBXBuildFile; fileRef = 13B07FB11A68108700A75B9A /* LaunchScreen.xib */; };
		13B07FBF1A68108700A75B9A /* Images.xcassets in Resources */ = {isa = PBXBuildFile; fileRef = 13B07FB51A68108700A75B9A /* Images.xcassets */; };
		13B07FC11A68108700A75B9A /* main.m in Sources */ = {isa = PBXBuildFile; fileRef = 13B07FB71A68108700A75B9A /* main.m */; };
		1637CCE9DE264D5AADD1837A /* 18.png in Resources */ = {isa = PBXBuildFile; fileRef = 8DED839F391B4B9D92D6908E /* 18.png */; };
		1A4596F6B1C443668994C1DE /* 7g.png in Resources */ = {isa = PBXBuildFile; fileRef = 012C775E34DA4E38B1290514 /* 7g.png */; };
		20050A098C42DF13A49EBFEF /* libPods-DailyKin-tvOS.a in Frameworks */ = {isa = PBXBuildFile; fileRef = 76FB363A1587A9CD69FCA070 /* libPods-DailyKin-tvOS.a */; };
		2030A16C1A6A491F9BC47E74 /* 04.png in Resources */ = {isa = PBXBuildFile; fileRef = 1872702BC3A94548B25F3184 /* 04.png */; };
		2D02E4BC1E0B4A80006451C7 /* AppDelegate.m in Sources */ = {isa = PBXBuildFile; fileRef = 13B07FB01A68108700A75B9A /* AppDelegate.m */; };
		2D02E4BD1E0B4A84006451C7 /* Images.xcassets in Resources */ = {isa = PBXBuildFile; fileRef = 13B07FB51A68108700A75B9A /* Images.xcassets */; };
		2D02E4BF1E0B4AB3006451C7 /* main.m in Sources */ = {isa = PBXBuildFile; fileRef = 13B07FB71A68108700A75B9A /* main.m */; };
		2DCD954D1E0B4F2C00145EB5 /* DailyKinTests.m in Sources */ = {isa = PBXBuildFile; fileRef = 00E356F21AD99517003FC87E /* DailyKinTests.m */; };
		3049C96513BD4C15A7D73789 /* 3s.png in Resources */ = {isa = PBXBuildFile; fileRef = 8A984974662443F9A791A0DE /* 3s.png */; };
		3727A91445C84B95800A7479 /* 10.png in Resources */ = {isa = PBXBuildFile; fileRef = B6B42978049C4DF4B826E5F4 /* 10.png */; };
		395C9EF42412EC30006AE025 /* Metamorphous-Regular.ttf in Resources */ = {isa = PBXBuildFile; fileRef = CEF51E87BCA342F6BE15121B /* Metamorphous-Regular.ttf */; };
		395C9EF52412EC30006AE025 /* AntDesign.ttf in Resources */ = {isa = PBXBuildFile; fileRef = EBCE6A47985340EEB3FFE4AD /* AntDesign.ttf */; };
		395C9EF62412EC30006AE025 /* Entypo.ttf in Resources */ = {isa = PBXBuildFile; fileRef = 4FCB530E382B4FC2B14F760C /* Entypo.ttf */; };
		395C9EF72412EC30006AE025 /* EvilIcons.ttf in Resources */ = {isa = PBXBuildFile; fileRef = 573314E915AF417798E94425 /* EvilIcons.ttf */; };
		395C9EF82412EC30006AE025 /* Feather.ttf in Resources */ = {isa = PBXBuildFile; fileRef = 9B865B1FD22540DD841E91ED /* Feather.ttf */; };
		395C9EF92412EC30006AE025 /* FontAwesome.ttf in Resources */ = {isa = PBXBuildFile; fileRef = C7713F93366245DFA88482F6 /* FontAwesome.ttf */; };
		395C9EFA2412EC30006AE025 /* FontAwesome5_Brands.ttf in Resources */ = {isa = PBXBuildFile; fileRef = 35355FEED933453A994CD0A7 /* FontAwesome5_Brands.ttf */; };
		395C9EFB2412EC30006AE025 /* FontAwesome5_Regular.ttf in Resources */ = {isa = PBXBuildFile; fileRef = AAE332D6C0F44C1D9AAC5B2A /* FontAwesome5_Regular.ttf */; };
		395C9EFC2412EC30006AE025 /* FontAwesome5_Solid.ttf in Resources */ = {isa = PBXBuildFile; fileRef = 9C61D356C9124693BF65F025 /* FontAwesome5_Solid.ttf */; };
		395C9EFD2412EC30006AE025 /* Fontisto.ttf in Resources */ = {isa = PBXBuildFile; fileRef = CFE294A06D7342A49C990089 /* Fontisto.ttf */; };
		395C9EFE2412EC31006AE025 /* Foundation.ttf in Resources */ = {isa = PBXBuildFile; fileRef = 17557ECC8F0749828BA2A4D0 /* Foundation.ttf */; };
		395C9EFF2412EC31006AE025 /* Ionicons.ttf in Resources */ = {isa = PBXBuildFile; fileRef = C2F5635EE88745D499C25253 /* Ionicons.ttf */; };
		395C9F002412EC31006AE025 /* MaterialCommunityIcons.ttf in Resources */ = {isa = PBXBuildFile; fileRef = 4C5822F74D63439D90A8AECC /* MaterialCommunityIcons.ttf */; };
		395C9F012412EC31006AE025 /* MaterialIcons.ttf in Resources */ = {isa = PBXBuildFile; fileRef = 8B58562EECF74B01BDB4D576 /* MaterialIcons.ttf */; };
		395C9F022412EC31006AE025 /* Octicons.ttf in Resources */ = {isa = PBXBuildFile; fileRef = 398266562A5C48B4A3B6AA5D /* Octicons.ttf */; };
		395C9F032412EC31006AE025 /* SimpleLineIcons.ttf in Resources */ = {isa = PBXBuildFile; fileRef = 4386DFB3E8CA4063BD8F89F8 /* SimpleLineIcons.ttf */; };
		395C9F042412EC31006AE025 /* Zocial.ttf in Resources */ = {isa = PBXBuildFile; fileRef = 462763F244EE421BB91216A9 /* Zocial.ttf */; };
		395C9F052412EC31006AE025 /* metamorphous_regular.ttf in Resources */ = {isa = PBXBuildFile; fileRef = BEC0B3D4EF944769873768D2 /* metamorphous_regular.ttf */; };
		395C9F07241403DB006AE025 /* StoreKit.framework in Frameworks */ = {isa = PBXBuildFile; fileRef = 395C9F06241403DB006AE025 /* StoreKit.framework */; };
		3AA1C041777C43D09A2391C8 /* 19.png in Resources */ = {isa = PBXBuildFile; fileRef = 4D1FA10E0CBB4F73804D00BB /* 19.png */; };
		3C83B9954D0F40098EABCCF4 /* 2g.png in Resources */ = {isa = PBXBuildFile; fileRef = FD1DA67B85AC4BA6BD02C772 /* 2g.png */; };
		4387015627B14B5AB5D1EFBA /* 7s.png in Resources */ = {isa = PBXBuildFile; fileRef = 0BD82B81EA60426DAA67C4AB /* 7s.png */; };
		4AC486565D8F4794A79AB8E3 /* 03.png in Resources */ = {isa = PBXBuildFile; fileRef = A8B34CBBB19142EAA4A33D51 /* 03.png */; };
		4C224B4B9A2E49D5850BAD72 /* 16.png in Resources */ = {isa = PBXBuildFile; fileRef = 9D19A3F57C8A45E79528CCB8 /* 16.png */; };
		4C65758F80E34F189A613751 /* moon_waxg.png in Resources */ = {isa = PBXBuildFile; fileRef = E46EAC83BA7045A0AF87426C /* moon_waxg.png */; };
		4E55C8F554BE4FD0986B73DC /* 02.png in Resources */ = {isa = PBXBuildFile; fileRef = 1F9DBFBE8312437192530744 /* 02.png */; };
		58D5904A5D6F47CFA94AC183 /* moon_full.png in Resources */ = {isa = PBXBuildFile; fileRef = 6422001B9DD043C49B9F66FA /* moon_full.png */; };
		5D3E50D16A424E538179C3D7 /* 4s.png in Resources */ = {isa = PBXBuildFile; fileRef = 9020D0B587C54016B00C4D3C /* 4s.png */; };
		60F2A40BF0D441D281DD5DA2 /* 01.png in Resources */ = {isa = PBXBuildFile; fileRef = D95CD0FDA1134D81AFD63BC9 /* 01.png */; };
		638C70530C17435C98487995 /* 12g.png in Resources */ = {isa = PBXBuildFile; fileRef = 53B5420A03B844998C4B299D /* 12g.png */; };
		6D0DB514C4434D3B86721047 /* 20.png in Resources */ = {isa = PBXBuildFile; fileRef = 08ECE78B38274758AA3B6137 /* 20.png */; };
		6E65A7F9927C4FC9B574E717 /* 14.png in Resources */ = {isa = PBXBuildFile; fileRef = 0A7A63B9698E468DAB809FEA /* 14.png */; };
		7034A143CDA54772BEE3341C /* 13g.png in Resources */ = {isa = PBXBuildFile; fileRef = A22E393BA4544FFDA50E1590 /* 13g.png */; };
		785EA49410E2420592A72915 /* moon_lq.png in Resources */ = {isa = PBXBuildFile; fileRef = E4C63E26630140948A278A94 /* moon_lq.png */; };
		797773AAB5FA4D2AB662204F /* 1g.png in Resources */ = {isa = PBXBuildFile; fileRef = D2B3D7661FF84A479E1C11D4 /* 1g.png */; };
		7F96CCC9D64143369EC625CF /* 12s.png in Resources */ = {isa = PBXBuildFile; fileRef = 25F71444FA7E47C881C10A95 /* 12s.png */; };
		805B3E37D78F4DC59CB0798D /* 10g.png in Resources */ = {isa = PBXBuildFile; fileRef = 15384782137C4A899387E8D1 /* 10g.png */; };
		813EA11311AC4F37BD9E2048 /* moon_waxc.png in Resources */ = {isa = PBXBuildFile; fileRef = EBBA886A6C1A4A829A3143DD /* moon_waxc.png */; };
		85060FDE7C764EB7884ABB14 /* 17.png in Resources */ = {isa = PBXBuildFile; fileRef = 545C91E5DBBB4594982B44CF /* 17.png */; };
		86738E3B538F47CABC16C857 /* 13s.png in Resources */ = {isa = PBXBuildFile; fileRef = E1855239365A4980B76CA002 /* 13s.png */; };
		8901B86F8A19415989F78D6E /* 2s.png in Resources */ = {isa = PBXBuildFile; fileRef = 3AC427F6D7D948DC938CC0E4 /* 2s.png */; };
		8ED28352D0FD945AA694A995 /* libPods-Daily Kin.a in Frameworks */ = {isa = PBXBuildFile; fileRef = 153AE6080FE5AF3FDEB14F90 /* libPods-Daily Kin.a */; };
		9247AC0FFD294B4A93CD61CA /* 6s.png in Resources */ = {isa = PBXBuildFile; fileRef = 1CF4CF7AE5CC4C1789BD969F /* 6s.png */; };
		99003A619CD34CA2ABE26B86 /* moon_fq.png in Resources */ = {isa = PBXBuildFile; fileRef = 5939D6B74567450D96A61718 /* moon_fq.png */; };
		9AAA6A6D69F845D8A809A956 /* space.jpg in Resources */ = {isa = PBXBuildFile; fileRef = 7B9821BC66C9448BB8A94800 /* space.jpg */; };
		9DEEEC515BEE40B08631A97A /* 15.png in Resources */ = {isa = PBXBuildFile; fileRef = 1FD143BF8F01483A9E584720 /* 15.png */; };
		A41743FB3AFB432BBDD06AAB /* 11.png in Resources */ = {isa = PBXBuildFile; fileRef = 8BA8EE08BE154A14ACC9A7C5 /* 11.png */; };
		A67438FB0A4B4562BB58E73B /* 11g.png in Resources */ = {isa = PBXBuildFile; fileRef = 307E6D6266B8466ABEB77747 /* 11g.png */; };
		A7B45DFECFE24D1F9547587A /* 07.png in Resources */ = {isa = PBXBuildFile; fileRef = 390EEC2C18CC4EE7A9AAEEC9 /* 07.png */; };
		ABCD395D99F14C29BAF0A138 /* 09.png in Resources */ = {isa = PBXBuildFile; fileRef = DF26C420690949BB96AA3E89 /* 09.png */; };
		ABDC00B44A5197B7686B977C /* libPods-DailyKin-tvOSTests.a in Frameworks */ = {isa = PBXBuildFile; fileRef = 1597559FFDB0BF87E10DC25A /* libPods-DailyKin-tvOSTests.a */; };
		B35453EA39054F43A0107AD5 /* 5g.png in Resources */ = {isa = PBXBuildFile; fileRef = 20B357CC8CC843F89165115E /* 5g.png */; };
		B84DE5921F534FD58FAE0056 /* 6g.png in Resources */ = {isa = PBXBuildFile; fileRef = 723D5FCF91D440CCA7ED04C1 /* 6g.png */; };
		BAFD7EF1DE3F4076A28E7B9A /* 13.png in Resources */ = {isa = PBXBuildFile; fileRef = CB53C54DA98741C784DC85A8 /* 13.png */; };
		BF936439041843EBA9C4820A /* 06.png in Resources */ = {isa = PBXBuildFile; fileRef = DC272BF09ADC41999338AE4C /* 06.png */; };
		C33DE600B278A5F8296ADAD1 /* libPods-DailyKinTests.a in Frameworks */ = {isa = PBXBuildFile; fileRef = B77A84B1FB2AB320BB117235 /* libPods-DailyKinTests.a */; };
		C957A715E4C84B079B382D25 /* 12.png in Resources */ = {isa = PBXBuildFile; fileRef = 63B2A9AB396B4369A7134D07 /* 12.png */; };
		CAD7ADCF007944779F87827F /* 08.png in Resources */ = {isa = PBXBuildFile; fileRef = D6C4D532ECB54AA2BE00AF49 /* 08.png */; };
		CFE0953889A84FD3BF27DF61 /* 3g.png in Resources */ = {isa = PBXBuildFile; fileRef = 91BD56CCD5CC4D4388FA7704 /* 3g.png */; };
		D330CAAAD23F452AA2553EF8 /* 11s.png in Resources */ = {isa = PBXBuildFile; fileRef = CCF6965050BD4E5AAA0610C2 /* 11s.png */; };
		DA4242486E634F4B83C49D39 /* 5s.png in Resources */ = {isa = PBXBuildFile; fileRef = C65F7B35DB5B42339CB77E3F /* 5s.png */; };
		E0B72D4641DA4D5198EE7719 /* 1s.png in Resources */ = {isa = PBXBuildFile; fileRef = 967BFEC0E5E04860A194805C /* 1s.png */; };
		E8D7D1C8AC854EF688F99181 /* 9s.png in Resources */ = {isa = PBXBuildFile; fileRef = 52B0B3B5B3B64852813E1EC0 /* 9s.png */; };
		EB1E1258B15D44C8827191F7 /* 8g.png in Resources */ = {isa = PBXBuildFile; fileRef = 90D2C26935B84677A62C8E0E /* 8g.png */; };
		F2CA251FE76846AC840916F6 /* 9g.png in Resources */ = {isa = PBXBuildFile; fileRef = 706D95C715784A1CBE2446AD /* 9g.png */; };
		F51D2F00ECCF4E5C853CB42D /* 4g.png in Resources */ = {isa = PBXBuildFile; fileRef = 36B309AC3BB04243ACFFE40C /* 4g.png */; };
		F918F6DB0E66435383032687 /* moon_wanc.png in Resources */ = {isa = PBXBuildFile; fileRef = B93B9141BC464150821D7FFC /* moon_wanc.png */; };
		FADB9A87015E41BBA5C28592 /* 05.png in Resources */ = {isa = PBXBuildFile; fileRef = B395430413B94FC78195E738 /* 05.png */; };
		FE2F7C3FB37842B1880DF134 /* moon_new.png in Resources */ = {isa = PBXBuildFile; fileRef = 3ADE8F5990564A14AE0BE387 /* moon_new.png */; };
/* End PBXBuildFile section */

/* Begin PBXContainerItemProxy section */
		00E356F41AD99517003FC87E /* PBXContainerItemProxy */ = {
			isa = PBXContainerItemProxy;
			containerPortal = 83CBB9F71A601CBA00E9B192 /* Project object */;
			proxyType = 1;
			remoteGlobalIDString = 13B07F861A680F5B00A75B9A;
			remoteInfo = DailyKin;
		};
		2D02E4911E0B4A5D006451C7 /* PBXContainerItemProxy */ = {
			isa = PBXContainerItemProxy;
			containerPortal = 83CBB9F71A601CBA00E9B192 /* Project object */;
			proxyType = 1;
			remoteGlobalIDString = 2D02E47A1E0B4A5D006451C7;
			remoteInfo = "DailyKin-tvOS";
		};
/* End PBXContainerItemProxy section */

/* Begin PBXFileReference section */
		008F07F21AC5B25A0029DE68 /* main.jsbundle */ = {isa = PBXFileReference; fileEncoding = 4; lastKnownFileType = text; path = main.jsbundle; sourceTree = "<group>"; };
		00E356EE1AD99517003FC87E /* DailyKinTests.xctest */ = {isa = PBXFileReference; explicitFileType = wrapper.cfbundle; includeInIndex = 0; path = DailyKinTests.xctest; sourceTree = BUILT_PRODUCTS_DIR; };
		00E356F11AD99517003FC87E /* Info.plist */ = {isa = PBXFileReference; lastKnownFileType = text.plist.xml; path = Info.plist; sourceTree = "<group>"; };
		00E356F21AD99517003FC87E /* DailyKinTests.m */ = {isa = PBXFileReference; lastKnownFileType = sourcecode.c.objc; path = DailyKinTests.m; sourceTree = "<group>"; };
		012C775E34DA4E38B1290514 /* 7g.png */ = {isa = PBXFileReference; explicitFileType = undefined; fileEncoding = 9; includeInIndex = 0; lastKnownFileType = unknown; name = 7g.png; path = ../assets/images/tones/7g.png; sourceTree = "<group>"; };
		05B849979A144C688652E5DA /* moon_wang.png */ = {isa = PBXFileReference; explicitFileType = undefined; fileEncoding = 9; includeInIndex = 0; lastKnownFileType = unknown; name = moon_wang.png; path = ../assets/images/moons/moon_wang.png; sourceTree = "<group>"; };
		08ECE78B38274758AA3B6137 /* 20.png */ = {isa = PBXFileReference; explicitFileType = undefined; fileEncoding = 9; includeInIndex = 0; lastKnownFileType = unknown; name = 20.png; path = ../assets/images/tribes/20.png; sourceTree = "<group>"; };
		0A7A63B9698E468DAB809FEA /* 14.png */ = {isa = PBXFileReference; explicitFileType = undefined; fileEncoding = 9; includeInIndex = 0; lastKnownFileType = unknown; name = 14.png; path = ../assets/images/tribes/14.png; sourceTree = "<group>"; };
		0BD82B81EA60426DAA67C4AB /* 7s.png */ = {isa = PBXFileReference; explicitFileType = undefined; fileEncoding = 9; includeInIndex = 0; lastKnownFileType = unknown; name = 7s.png; path = ../assets/images/tones/7s.png; sourceTree = "<group>"; };
		13B07F961A680F5B00A75B9A /* Daily Kin.app */ = {isa = PBXFileReference; explicitFileType = wrapper.application; includeInIndex = 0; path = "Daily Kin.app"; sourceTree = BUILT_PRODUCTS_DIR; };
		13B07FAF1A68108700A75B9A /* AppDelegate.h */ = {isa = PBXFileReference; fileEncoding = 4; lastKnownFileType = sourcecode.c.h; name = AppDelegate.h; path = DailyKin/AppDelegate.h; sourceTree = "<group>"; };
		13B07FB01A68108700A75B9A /* AppDelegate.m */ = {isa = PBXFileReference; fileEncoding = 4; lastKnownFileType = sourcecode.c.objc; name = AppDelegate.m; path = DailyKin/AppDelegate.m; sourceTree = "<group>"; };
		13B07FB21A68108700A75B9A /* Base */ = {isa = PBXFileReference; lastKnownFileType = file.xib; name = Base; path = Base.lproj/LaunchScreen.xib; sourceTree = "<group>"; };
		13B07FB51A68108700A75B9A /* Images.xcassets */ = {isa = PBXFileReference; lastKnownFileType = folder.assetcatalog; name = Images.xcassets; path = DailyKin/Images.xcassets; sourceTree = "<group>"; };
		13B07FB61A68108700A75B9A /* Info.plist */ = {isa = PBXFileReference; fileEncoding = 4; lastKnownFileType = text.plist.xml; name = Info.plist; path = DailyKin/Info.plist; sourceTree = "<group>"; };
		13B07FB71A68108700A75B9A /* main.m */ = {isa = PBXFileReference; fileEncoding = 4; lastKnownFileType = sourcecode.c.objc; name = main.m; path = DailyKin/main.m; sourceTree = "<group>"; };
		15384782137C4A899387E8D1 /* 10g.png */ = {isa = PBXFileReference; explicitFileType = undefined; fileEncoding = 9; includeInIndex = 0; lastKnownFileType = unknown; name = 10g.png; path = ../assets/images/tones/10g.png; sourceTree = "<group>"; };
		153AE6080FE5AF3FDEB14F90 /* libPods-Daily Kin.a */ = {isa = PBXFileReference; explicitFileType = archive.ar; includeInIndex = 0; path = "libPods-Daily Kin.a"; sourceTree = BUILT_PRODUCTS_DIR; };
		1597559FFDB0BF87E10DC25A /* libPods-DailyKin-tvOSTests.a */ = {isa = PBXFileReference; explicitFileType = archive.ar; includeInIndex = 0; path = "libPods-DailyKin-tvOSTests.a"; sourceTree = BUILT_PRODUCTS_DIR; };
		17557ECC8F0749828BA2A4D0 /* Foundation.ttf */ = {isa = PBXFileReference; explicitFileType = undefined; fileEncoding = 9; includeInIndex = 0; lastKnownFileType = unknown; name = Foundation.ttf; path = ../assets/fonts/Foundation.ttf; sourceTree = "<group>"; };
		1872702BC3A94548B25F3184 /* 04.png */ = {isa = PBXFileReference; explicitFileType = undefined; fileEncoding = 9; includeInIndex = 0; lastKnownFileType = unknown; name = 04.png; path = ../assets/images/tribes/04.png; sourceTree = "<group>"; };
		1CF4CF7AE5CC4C1789BD969F /* 6s.png */ = {isa = PBXFileReference; explicitFileType = undefined; fileEncoding = 9; includeInIndex = 0; lastKnownFileType = unknown; name = 6s.png; path = ../assets/images/tones/6s.png; sourceTree = "<group>"; };
		1F9DBFBE8312437192530744 /* 02.png */ = {isa = PBXFileReference; explicitFileType = undefined; fileEncoding = 9; includeInIndex = 0; lastKnownFileType = unknown; name = 02.png; path = ../assets/images/tribes/02.png; sourceTree = "<group>"; };
		1FD143BF8F01483A9E584720 /* 15.png */ = {isa = PBXFileReference; explicitFileType = undefined; fileEncoding = 9; includeInIndex = 0; lastKnownFileType = unknown; name = 15.png; path = ../assets/images/tribes/15.png; sourceTree = "<group>"; };
		20B357CC8CC843F89165115E /* 5g.png */ = {isa = PBXFileReference; explicitFileType = undefined; fileEncoding = 9; includeInIndex = 0; lastKnownFileType = unknown; name = 5g.png; path = ../assets/images/tones/5g.png; sourceTree = "<group>"; };
		213A63EF81BA4956AAA42F4C /* 10s.png */ = {isa = PBXFileReference; explicitFileType = undefined; fileEncoding = 9; includeInIndex = 0; lastKnownFileType = unknown; name = 10s.png; path = ../assets/images/tones/10s.png; sourceTree = "<group>"; };
		25F71444FA7E47C881C10A95 /* 12s.png */ = {isa = PBXFileReference; explicitFileType = undefined; fileEncoding = 9; includeInIndex = 0; lastKnownFileType = unknown; name = 12s.png; path = ../assets/images/tones/12s.png; sourceTree = "<group>"; };
		2BB376E1F435703DD7970C74 /* Pods-DailyKin-tvOSTests.debug.xcconfig */ = {isa = PBXFileReference; includeInIndex = 1; lastKnownFileType = text.xcconfig; name = "Pods-DailyKin-tvOSTests.debug.xcconfig"; path = "Target Support Files/Pods-DailyKin-tvOSTests/Pods-DailyKin-tvOSTests.debug.xcconfig"; sourceTree = "<group>"; };
		2D02E47B1E0B4A5D006451C7 /* DailyKin-tvOS.app */ = {isa = PBXFileReference; explicitFileType = wrapper.application; includeInIndex = 0; path = "DailyKin-tvOS.app"; sourceTree = BUILT_PRODUCTS_DIR; };
		2D02E4901E0B4A5D006451C7 /* DailyKin-tvOSTests.xctest */ = {isa = PBXFileReference; explicitFileType = wrapper.cfbundle; includeInIndex = 0; path = "DailyKin-tvOSTests.xctest"; sourceTree = BUILT_PRODUCTS_DIR; };
		307E6D6266B8466ABEB77747 /* 11g.png */ = {isa = PBXFileReference; explicitFileType = undefined; fileEncoding = 9; includeInIndex = 0; lastKnownFileType = unknown; name = 11g.png; path = ../assets/images/tones/11g.png; sourceTree = "<group>"; };
		35355FEED933453A994CD0A7 /* FontAwesome5_Brands.ttf */ = {isa = PBXFileReference; explicitFileType = undefined; fileEncoding = 9; includeInIndex = 0; lastKnownFileType = unknown; name = FontAwesome5_Brands.ttf; path = ../assets/fonts/FontAwesome5_Brands.ttf; sourceTree = "<group>"; };
		36B309AC3BB04243ACFFE40C /* 4g.png */ = {isa = PBXFileReference; explicitFileType = undefined; fileEncoding = 9; includeInIndex = 0; lastKnownFileType = unknown; name = 4g.png; path = ../assets/images/tones/4g.png; sourceTree = "<group>"; };
		3781255A43DC60BC408703A9 /* Pods-DailyKin-tvOS.debug.xcconfig */ = {isa = PBXFileReference; includeInIndex = 1; lastKnownFileType = text.xcconfig; name = "Pods-DailyKin-tvOS.debug.xcconfig"; path = "Target Support Files/Pods-DailyKin-tvOS/Pods-DailyKin-tvOS.debug.xcconfig"; sourceTree = "<group>"; };
		390EEC2C18CC4EE7A9AAEEC9 /* 07.png */ = {isa = PBXFileReference; explicitFileType = undefined; fileEncoding = 9; includeInIndex = 0; lastKnownFileType = unknown; name = 07.png; path = ../assets/images/tribes/07.png; sourceTree = "<group>"; };
		395C9F06241403DB006AE025 /* StoreKit.framework */ = {isa = PBXFileReference; lastKnownFileType = wrapper.framework; name = StoreKit.framework; path = System/Library/Frameworks/StoreKit.framework; sourceTree = SDKROOT; };
		398266562A5C48B4A3B6AA5D /* Octicons.ttf */ = {isa = PBXFileReference; explicitFileType = undefined; fileEncoding = 9; includeInIndex = 0; lastKnownFileType = unknown; name = Octicons.ttf; path = ../assets/fonts/Octicons.ttf; sourceTree = "<group>"; };
		3AC427F6D7D948DC938CC0E4 /* 2s.png */ = {isa = PBXFileReference; explicitFileType = undefined; fileEncoding = 9; includeInIndex = 0; lastKnownFileType = unknown; name = 2s.png; path = ../assets/images/tones/2s.png; sourceTree = "<group>"; };
		3ADE8F5990564A14AE0BE387 /* moon_new.png */ = {isa = PBXFileReference; explicitFileType = undefined; fileEncoding = 9; includeInIndex = 0; lastKnownFileType = unknown; name = moon_new.png; path = ../assets/images/moons/moon_new.png; sourceTree = "<group>"; };
		3B538751CF823A335E627F41 /* Pods-DailyKinTests.release.xcconfig */ = {isa = PBXFileReference; includeInIndex = 1; lastKnownFileType = text.xcconfig; name = "Pods-DailyKinTests.release.xcconfig"; path = "Target Support Files/Pods-DailyKinTests/Pods-DailyKinTests.release.xcconfig"; sourceTree = "<group>"; };
		4386DFB3E8CA4063BD8F89F8 /* SimpleLineIcons.ttf */ = {isa = PBXFileReference; explicitFileType = undefined; fileEncoding = 9; includeInIndex = 0; lastKnownFileType = unknown; name = SimpleLineIcons.ttf; path = ../assets/fonts/SimpleLineIcons.ttf; sourceTree = "<group>"; };
		462763F244EE421BB91216A9 /* Zocial.ttf */ = {isa = PBXFileReference; explicitFileType = undefined; fileEncoding = 9; includeInIndex = 0; lastKnownFileType = unknown; name = Zocial.ttf; path = ../assets/fonts/Zocial.ttf; sourceTree = "<group>"; };
		483EAAD55569EA7F5CB4A9D8 /* Pods-DailyKin-tvOSTests.release.xcconfig */ = {isa = PBXFileReference; includeInIndex = 1; lastKnownFileType = text.xcconfig; name = "Pods-DailyKin-tvOSTests.release.xcconfig"; path = "Target Support Files/Pods-DailyKin-tvOSTests/Pods-DailyKin-tvOSTests.release.xcconfig"; sourceTree = "<group>"; };
		4C5822F74D63439D90A8AECC /* MaterialCommunityIcons.ttf */ = {isa = PBXFileReference; explicitFileType = undefined; fileEncoding = 9; includeInIndex = 0; lastKnownFileType = unknown; name = MaterialCommunityIcons.ttf; path = ../assets/fonts/MaterialCommunityIcons.ttf; sourceTree = "<group>"; };
		4D1FA10E0CBB4F73804D00BB /* 19.png */ = {isa = PBXFileReference; explicitFileType = undefined; fileEncoding = 9; includeInIndex = 0; lastKnownFileType = unknown; name = 19.png; path = ../assets/images/tribes/19.png; sourceTree = "<group>"; };
		4FCB530E382B4FC2B14F760C /* Entypo.ttf */ = {isa = PBXFileReference; explicitFileType = undefined; fileEncoding = 9; includeInIndex = 0; lastKnownFileType = unknown; name = Entypo.ttf; path = ../assets/fonts/Entypo.ttf; sourceTree = "<group>"; };
		52B0B3B5B3B64852813E1EC0 /* 9s.png */ = {isa = PBXFileReference; explicitFileType = undefined; fileEncoding = 9; includeInIndex = 0; lastKnownFileType = unknown; name = 9s.png; path = ../assets/images/tones/9s.png; sourceTree = "<group>"; };
		53B5420A03B844998C4B299D /* 12g.png */ = {isa = PBXFileReference; explicitFileType = undefined; fileEncoding = 9; includeInIndex = 0; lastKnownFileType = unknown; name = 12g.png; path = ../assets/images/tones/12g.png; sourceTree = "<group>"; };
		545C91E5DBBB4594982B44CF /* 17.png */ = {isa = PBXFileReference; explicitFileType = undefined; fileEncoding = 9; includeInIndex = 0; lastKnownFileType = unknown; name = 17.png; path = ../assets/images/tribes/17.png; sourceTree = "<group>"; };
		573314E915AF417798E94425 /* EvilIcons.ttf */ = {isa = PBXFileReference; explicitFileType = undefined; fileEncoding = 9; includeInIndex = 0; lastKnownFileType = unknown; name = EvilIcons.ttf; path = ../assets/fonts/EvilIcons.ttf; sourceTree = "<group>"; };
		5939D6B74567450D96A61718 /* moon_fq.png */ = {isa = PBXFileReference; explicitFileType = undefined; fileEncoding = 9; includeInIndex = 0; lastKnownFileType = unknown; name = moon_fq.png; path = ../assets/images/moons/moon_fq.png; sourceTree = "<group>"; };
		63B2A9AB396B4369A7134D07 /* 12.png */ = {isa = PBXFileReference; explicitFileType = undefined; fileEncoding = 9; includeInIndex = 0; lastKnownFileType = unknown; name = 12.png; path = ../assets/images/tribes/12.png; sourceTree = "<group>"; };
		6422001B9DD043C49B9F66FA /* moon_full.png */ = {isa = PBXFileReference; explicitFileType = undefined; fileEncoding = 9; includeInIndex = 0; lastKnownFileType = unknown; name = moon_full.png; path = ../assets/images/moons/moon_full.png; sourceTree = "<group>"; };
		706D95C715784A1CBE2446AD /* 9g.png */ = {isa = PBXFileReference; explicitFileType = undefined; fileEncoding = 9; includeInIndex = 0; lastKnownFileType = unknown; name = 9g.png; path = ../assets/images/tones/9g.png; sourceTree = "<group>"; };
		723D5FCF91D440CCA7ED04C1 /* 6g.png */ = {isa = PBXFileReference; explicitFileType = undefined; fileEncoding = 9; includeInIndex = 0; lastKnownFileType = unknown; name = 6g.png; path = ../assets/images/tones/6g.png; sourceTree = "<group>"; };
		76FB363A1587A9CD69FCA070 /* libPods-DailyKin-tvOS.a */ = {isa = PBXFileReference; explicitFileType = archive.ar; includeInIndex = 0; path = "libPods-DailyKin-tvOS.a"; sourceTree = BUILT_PRODUCTS_DIR; };
		7B9821BC66C9448BB8A94800 /* space.jpg */ = {isa = PBXFileReference; explicitFileType = undefined; fileEncoding = 9; includeInIndex = 0; lastKnownFileType = unknown; name = space.jpg; path = ../assets/images/space.jpg; sourceTree = "<group>"; };
		8A984974662443F9A791A0DE /* 3s.png */ = {isa = PBXFileReference; explicitFileType = undefined; fileEncoding = 9; includeInIndex = 0; lastKnownFileType = unknown; name = 3s.png; path = ../assets/images/tones/3s.png; sourceTree = "<group>"; };
		8B58562EECF74B01BDB4D576 /* MaterialIcons.ttf */ = {isa = PBXFileReference; explicitFileType = undefined; fileEncoding = 9; includeInIndex = 0; lastKnownFileType = unknown; name = MaterialIcons.ttf; path = ../assets/fonts/MaterialIcons.ttf; sourceTree = "<group>"; };
		8BA8EE08BE154A14ACC9A7C5 /* 11.png */ = {isa = PBXFileReference; explicitFileType = undefined; fileEncoding = 9; includeInIndex = 0; lastKnownFileType = unknown; name = 11.png; path = ../assets/images/tribes/11.png; sourceTree = "<group>"; };
		8DED839F391B4B9D92D6908E /* 18.png */ = {isa = PBXFileReference; explicitFileType = undefined; fileEncoding = 9; includeInIndex = 0; lastKnownFileType = unknown; name = 18.png; path = ../assets/images/tribes/18.png; sourceTree = "<group>"; };
		8E2E7F4A3EB2E3DEFC3EC6E8 /* Pods-Daily Kin.debug.xcconfig */ = {isa = PBXFileReference; includeInIndex = 1; lastKnownFileType = text.xcconfig; name = "Pods-Daily Kin.debug.xcconfig"; path = "Target Support Files/Pods-Daily Kin/Pods-Daily Kin.debug.xcconfig"; sourceTree = "<group>"; };
		9020D0B587C54016B00C4D3C /* 4s.png */ = {isa = PBXFileReference; explicitFileType = undefined; fileEncoding = 9; includeInIndex = 0; lastKnownFileType = unknown; name = 4s.png; path = ../assets/images/tones/4s.png; sourceTree = "<group>"; };
		90D2C26935B84677A62C8E0E /* 8g.png */ = {isa = PBXFileReference; explicitFileType = undefined; fileEncoding = 9; includeInIndex = 0; lastKnownFileType = unknown; name = 8g.png; path = ../assets/images/tones/8g.png; sourceTree = "<group>"; };
		91BD56CCD5CC4D4388FA7704 /* 3g.png */ = {isa = PBXFileReference; explicitFileType = undefined; fileEncoding = 9; includeInIndex = 0; lastKnownFileType = unknown; name = 3g.png; path = ../assets/images/tones/3g.png; sourceTree = "<group>"; };
		95A35C955F62B305B16E120B /* Pods-DailyKin.release.xcconfig */ = {isa = PBXFileReference; includeInIndex = 1; lastKnownFileType = text.xcconfig; name = "Pods-DailyKin.release.xcconfig"; path = "Target Support Files/Pods-DailyKin/Pods-DailyKin.release.xcconfig"; sourceTree = "<group>"; };
		967BFEC0E5E04860A194805C /* 1s.png */ = {isa = PBXFileReference; explicitFileType = undefined; fileEncoding = 9; includeInIndex = 0; lastKnownFileType = unknown; name = 1s.png; path = ../assets/images/tones/1s.png; sourceTree = "<group>"; };
		9B865B1FD22540DD841E91ED /* Feather.ttf */ = {isa = PBXFileReference; explicitFileType = undefined; fileEncoding = 9; includeInIndex = 0; lastKnownFileType = unknown; name = Feather.ttf; path = ../assets/fonts/Feather.ttf; sourceTree = "<group>"; };
		9C61D356C9124693BF65F025 /* FontAwesome5_Solid.ttf */ = {isa = PBXFileReference; explicitFileType = undefined; fileEncoding = 9; includeInIndex = 0; lastKnownFileType = unknown; name = FontAwesome5_Solid.ttf; path = ../assets/fonts/FontAwesome5_Solid.ttf; sourceTree = "<group>"; };
		9D19A3F57C8A45E79528CCB8 /* 16.png */ = {isa = PBXFileReference; explicitFileType = undefined; fileEncoding = 9; includeInIndex = 0; lastKnownFileType = unknown; name = 16.png; path = ../assets/images/tribes/16.png; sourceTree = "<group>"; };
		A22E393BA4544FFDA50E1590 /* 13g.png */ = {isa = PBXFileReference; explicitFileType = undefined; fileEncoding = 9; includeInIndex = 0; lastKnownFileType = unknown; name = 13g.png; path = ../assets/images/tones/13g.png; sourceTree = "<group>"; };
		A756D3BD7923824F4022E4DB /* Pods-DailyKinTests.debug.xcconfig */ = {isa = PBXFileReference; includeInIndex = 1; lastKnownFileType = text.xcconfig; name = "Pods-DailyKinTests.debug.xcconfig"; path = "Target Support Files/Pods-DailyKinTests/Pods-DailyKinTests.debug.xcconfig"; sourceTree = "<group>"; };
		A8B34CBBB19142EAA4A33D51 /* 03.png */ = {isa = PBXFileReference; explicitFileType = undefined; fileEncoding = 9; includeInIndex = 0; lastKnownFileType = unknown; name = 03.png; path = ../assets/images/tribes/03.png; sourceTree = "<group>"; };
		AAE332D6C0F44C1D9AAC5B2A /* FontAwesome5_Regular.ttf */ = {isa = PBXFileReference; explicitFileType = undefined; fileEncoding = 9; includeInIndex = 0; lastKnownFileType = unknown; name = FontAwesome5_Regular.ttf; path = ../assets/fonts/FontAwesome5_Regular.ttf; sourceTree = "<group>"; };
		B395430413B94FC78195E738 /* 05.png */ = {isa = PBXFileReference; explicitFileType = undefined; fileEncoding = 9; includeInIndex = 0; lastKnownFileType = unknown; name = 05.png; path = ../assets/images/tribes/05.png; sourceTree = "<group>"; };
		B6B42978049C4DF4B826E5F4 /* 10.png */ = {isa = PBXFileReference; explicitFileType = undefined; fileEncoding = 9; includeInIndex = 0; lastKnownFileType = unknown; name = 10.png; path = ../assets/images/tribes/10.png; sourceTree = "<group>"; };
		B77A84B1FB2AB320BB117235 /* libPods-DailyKinTests.a */ = {isa = PBXFileReference; explicitFileType = archive.ar; includeInIndex = 0; path = "libPods-DailyKinTests.a"; sourceTree = BUILT_PRODUCTS_DIR; };
		B93B9141BC464150821D7FFC /* moon_wanc.png */ = {isa = PBXFileReference; explicitFileType = undefined; fileEncoding = 9; includeInIndex = 0; lastKnownFileType = unknown; name = moon_wanc.png; path = ../assets/images/moons/moon_wanc.png; sourceTree = "<group>"; };
		BEC0B3D4EF944769873768D2 /* metamorphous_regular.ttf */ = {isa = PBXFileReference; explicitFileType = undefined; fileEncoding = 9; includeInIndex = 0; lastKnownFileType = unknown; name = metamorphous_regular.ttf; path = ../assets/fonts/metamorphous_regular.ttf; sourceTree = "<group>"; };
		C2F5635EE88745D499C25253 /* Ionicons.ttf */ = {isa = PBXFileReference; explicitFileType = undefined; fileEncoding = 9; includeInIndex = 0; lastKnownFileType = unknown; name = Ionicons.ttf; path = ../assets/fonts/Ionicons.ttf; sourceTree = "<group>"; };
		C65F7B35DB5B42339CB77E3F /* 5s.png */ = {isa = PBXFileReference; explicitFileType = undefined; fileEncoding = 9; includeInIndex = 0; lastKnownFileType = unknown; name = 5s.png; path = ../assets/images/tones/5s.png; sourceTree = "<group>"; };
		C7713F93366245DFA88482F6 /* FontAwesome.ttf */ = {isa = PBXFileReference; explicitFileType = undefined; fileEncoding = 9; includeInIndex = 0; lastKnownFileType = unknown; name = FontAwesome.ttf; path = ../assets/fonts/FontAwesome.ttf; sourceTree = "<group>"; };
		CB53C54DA98741C784DC85A8 /* 13.png */ = {isa = PBXFileReference; explicitFileType = undefined; fileEncoding = 9; includeInIndex = 0; lastKnownFileType = unknown; name = 13.png; path = ../assets/images/tribes/13.png; sourceTree = "<group>"; };
		CCF6965050BD4E5AAA0610C2 /* 11s.png */ = {isa = PBXFileReference; explicitFileType = undefined; fileEncoding = 9; includeInIndex = 0; lastKnownFileType = unknown; name = 11s.png; path = ../assets/images/tones/11s.png; sourceTree = "<group>"; };
		CEF51E87BCA342F6BE15121B /* Metamorphous-Regular.ttf */ = {isa = PBXFileReference; explicitFileType = undefined; fileEncoding = 9; includeInIndex = 0; lastKnownFileType = unknown; name = "Metamorphous-Regular.ttf"; path = "../assets/fonts/Metamorphous-Regular.ttf"; sourceTree = "<group>"; };
		CFE294A06D7342A49C990089 /* Fontisto.ttf */ = {isa = PBXFileReference; explicitFileType = undefined; fileEncoding = 9; includeInIndex = 0; lastKnownFileType = unknown; name = Fontisto.ttf; path = ../assets/fonts/Fontisto.ttf; sourceTree = "<group>"; };
		D2B3D7661FF84A479E1C11D4 /* 1g.png */ = {isa = PBXFileReference; explicitFileType = undefined; fileEncoding = 9; includeInIndex = 0; lastKnownFileType = unknown; name = 1g.png; path = ../assets/images/tones/1g.png; sourceTree = "<group>"; };
		D37D5FD93CED49655372FCB8 /* Pods-DailyKin.debug.xcconfig */ = {isa = PBXFileReference; includeInIndex = 1; lastKnownFileType = text.xcconfig; name = "Pods-DailyKin.debug.xcconfig"; path = "Target Support Files/Pods-DailyKin/Pods-DailyKin.debug.xcconfig"; sourceTree = "<group>"; };
		D6C4D532ECB54AA2BE00AF49 /* 08.png */ = {isa = PBXFileReference; explicitFileType = undefined; fileEncoding = 9; includeInIndex = 0; lastKnownFileType = unknown; name = 08.png; path = ../assets/images/tribes/08.png; sourceTree = "<group>"; };
		D95CD0FDA1134D81AFD63BC9 /* 01.png */ = {isa = PBXFileReference; explicitFileType = undefined; fileEncoding = 9; includeInIndex = 0; lastKnownFileType = unknown; name = 01.png; path = ../assets/images/tribes/01.png; sourceTree = "<group>"; };
		DC272BF09ADC41999338AE4C /* 06.png */ = {isa = PBXFileReference; explicitFileType = undefined; fileEncoding = 9; includeInIndex = 0; lastKnownFileType = unknown; name = 06.png; path = ../assets/images/tribes/06.png; sourceTree = "<group>"; };
		DF26C420690949BB96AA3E89 /* 09.png */ = {isa = PBXFileReference; explicitFileType = undefined; fileEncoding = 9; includeInIndex = 0; lastKnownFileType = unknown; name = 09.png; path = ../assets/images/tribes/09.png; sourceTree = "<group>"; };
		E1855239365A4980B76CA002 /* 13s.png */ = {isa = PBXFileReference; explicitFileType = undefined; fileEncoding = 9; includeInIndex = 0; lastKnownFileType = unknown; name = 13s.png; path = ../assets/images/tones/13s.png; sourceTree = "<group>"; };
		E38EE369FEFD4911AA7C3654 /* 8s.png */ = {isa = PBXFileReference; explicitFileType = undefined; fileEncoding = 9; includeInIndex = 0; lastKnownFileType = unknown; name = 8s.png; path = ../assets/images/tones/8s.png; sourceTree = "<group>"; };
		E46EAC83BA7045A0AF87426C /* moon_waxg.png */ = {isa = PBXFileReference; explicitFileType = undefined; fileEncoding = 9; includeInIndex = 0; lastKnownFileType = unknown; name = moon_waxg.png; path = ../assets/images/moons/moon_waxg.png; sourceTree = "<group>"; };
		E4C63E26630140948A278A94 /* moon_lq.png */ = {isa = PBXFileReference; explicitFileType = undefined; fileEncoding = 9; includeInIndex = 0; lastKnownFileType = unknown; name = moon_lq.png; path = ../assets/images/moons/moon_lq.png; sourceTree = "<group>"; };
		E8F002479E10652F2C3B72F9 /* Pods-DailyKin-tvOS.release.xcconfig */ = {isa = PBXFileReference; includeInIndex = 1; lastKnownFileType = text.xcconfig; name = "Pods-DailyKin-tvOS.release.xcconfig"; path = "Target Support Files/Pods-DailyKin-tvOS/Pods-DailyKin-tvOS.release.xcconfig"; sourceTree = "<group>"; };
		EBBA886A6C1A4A829A3143DD /* moon_waxc.png */ = {isa = PBXFileReference; explicitFileType = undefined; fileEncoding = 9; includeInIndex = 0; lastKnownFileType = unknown; name = moon_waxc.png; path = ../assets/images/moons/moon_waxc.png; sourceTree = "<group>"; };
		EBCE6A47985340EEB3FFE4AD /* AntDesign.ttf */ = {isa = PBXFileReference; explicitFileType = undefined; fileEncoding = 9; includeInIndex = 0; lastKnownFileType = unknown; name = AntDesign.ttf; path = ../assets/fonts/AntDesign.ttf; sourceTree = "<group>"; };
		ED297162215061F000B7C4FE /* JavaScriptCore.framework */ = {isa = PBXFileReference; lastKnownFileType = wrapper.framework; name = JavaScriptCore.framework; path = System/Library/Frameworks/JavaScriptCore.framework; sourceTree = SDKROOT; };
		ED2971642150620600B7C4FE /* JavaScriptCore.framework */ = {isa = PBXFileReference; lastKnownFileType = wrapper.framework; name = JavaScriptCore.framework; path = Platforms/AppleTVOS.platform/Developer/SDKs/AppleTVOS12.0.sdk/System/Library/Frameworks/JavaScriptCore.framework; sourceTree = DEVELOPER_DIR; };
		F691026725235FA749704F16 /* Pods-Daily Kin.release.xcconfig */ = {isa = PBXFileReference; includeInIndex = 1; lastKnownFileType = text.xcconfig; name = "Pods-Daily Kin.release.xcconfig"; path = "Target Support Files/Pods-Daily Kin/Pods-Daily Kin.release.xcconfig"; sourceTree = "<group>"; };
		FD1DA67B85AC4BA6BD02C772 /* 2g.png */ = {isa = PBXFileReference; explicitFileType = undefined; fileEncoding = 9; includeInIndex = 0; lastKnownFileType = unknown; name = 2g.png; path = ../assets/images/tones/2g.png; sourceTree = "<group>"; };
/* End PBXFileReference section */

/* Begin PBXFrameworksBuildPhase section */
		00E356EB1AD99517003FC87E /* Frameworks */ = {
			isa = PBXFrameworksBuildPhase;
			buildActionMask = 2147483647;
			files = (
				C33DE600B278A5F8296ADAD1 /* libPods-DailyKinTests.a in Frameworks */,
			);
			runOnlyForDeploymentPostprocessing = 0;
		};
		13B07F8C1A680F5B00A75B9A /* Frameworks */ = {
			isa = PBXFrameworksBuildPhase;
			buildActionMask = 2147483647;
			files = (
				8ED28352D0FD945AA694A995 /* libPods-Daily Kin.a in Frameworks */,
				395C9F07241403DB006AE025 /* StoreKit.framework in Frameworks */,
			);
			runOnlyForDeploymentPostprocessing = 0;
		};
		2D02E4781E0B4A5D006451C7 /* Frameworks */ = {
			isa = PBXFrameworksBuildPhase;
			buildActionMask = 2147483647;
			files = (
				20050A098C42DF13A49EBFEF /* libPods-DailyKin-tvOS.a in Frameworks */,
			);
			runOnlyForDeploymentPostprocessing = 0;
		};
		2D02E48D1E0B4A5D006451C7 /* Frameworks */ = {
			isa = PBXFrameworksBuildPhase;
			buildActionMask = 2147483647;
			files = (
				ABDC00B44A5197B7686B977C /* libPods-DailyKin-tvOSTests.a in Frameworks */,
			);
			runOnlyForDeploymentPostprocessing = 0;
		};
/* End PBXFrameworksBuildPhase section */

/* Begin PBXGroup section */
		00E356EF1AD99517003FC87E /* DailyKinTests */ = {
			isa = PBXGroup;
			children = (
				00E356F21AD99517003FC87E /* DailyKinTests.m */,
				00E356F01AD99517003FC87E /* Supporting Files */,
			);
			path = DailyKinTests;
			sourceTree = "<group>";
		};
		00E356F01AD99517003FC87E /* Supporting Files */ = {
			isa = PBXGroup;
			children = (
				00E356F11AD99517003FC87E /* Info.plist */,
			);
			name = "Supporting Files";
			sourceTree = "<group>";
		};
		12B5D5DD5265424BB0116BF7 /* Resources */ = {
			isa = PBXGroup;
			children = (
				CEF51E87BCA342F6BE15121B /* Metamorphous-Regular.ttf */,
				EBCE6A47985340EEB3FFE4AD /* AntDesign.ttf */,
				4FCB530E382B4FC2B14F760C /* Entypo.ttf */,
				573314E915AF417798E94425 /* EvilIcons.ttf */,
				9B865B1FD22540DD841E91ED /* Feather.ttf */,
				C7713F93366245DFA88482F6 /* FontAwesome.ttf */,
				35355FEED933453A994CD0A7 /* FontAwesome5_Brands.ttf */,
				AAE332D6C0F44C1D9AAC5B2A /* FontAwesome5_Regular.ttf */,
				9C61D356C9124693BF65F025 /* FontAwesome5_Solid.ttf */,
				CFE294A06D7342A49C990089 /* Fontisto.ttf */,
				17557ECC8F0749828BA2A4D0 /* Foundation.ttf */,
				C2F5635EE88745D499C25253 /* Ionicons.ttf */,
				4C5822F74D63439D90A8AECC /* MaterialCommunityIcons.ttf */,
				8B58562EECF74B01BDB4D576 /* MaterialIcons.ttf */,
				398266562A5C48B4A3B6AA5D /* Octicons.ttf */,
				4386DFB3E8CA4063BD8F89F8 /* SimpleLineIcons.ttf */,
				462763F244EE421BB91216A9 /* Zocial.ttf */,
				BEC0B3D4EF944769873768D2 /* metamorphous_regular.ttf */,
				5939D6B74567450D96A61718 /* moon_fq.png */,
				6422001B9DD043C49B9F66FA /* moon_full.png */,
				E4C63E26630140948A278A94 /* moon_lq.png */,
				3ADE8F5990564A14AE0BE387 /* moon_new.png */,
				B93B9141BC464150821D7FFC /* moon_wanc.png */,
				05B849979A144C688652E5DA /* moon_wang.png */,
				EBBA886A6C1A4A829A3143DD /* moon_waxc.png */,
				E46EAC83BA7045A0AF87426C /* moon_waxg.png */,
				7B9821BC66C9448BB8A94800 /* space.jpg */,
				15384782137C4A899387E8D1 /* 10g.png */,
				213A63EF81BA4956AAA42F4C /* 10s.png */,
				307E6D6266B8466ABEB77747 /* 11g.png */,
				CCF6965050BD4E5AAA0610C2 /* 11s.png */,
				53B5420A03B844998C4B299D /* 12g.png */,
				25F71444FA7E47C881C10A95 /* 12s.png */,
				A22E393BA4544FFDA50E1590 /* 13g.png */,
				E1855239365A4980B76CA002 /* 13s.png */,
				D2B3D7661FF84A479E1C11D4 /* 1g.png */,
				967BFEC0E5E04860A194805C /* 1s.png */,
				FD1DA67B85AC4BA6BD02C772 /* 2g.png */,
				3AC427F6D7D948DC938CC0E4 /* 2s.png */,
				91BD56CCD5CC4D4388FA7704 /* 3g.png */,
				8A984974662443F9A791A0DE /* 3s.png */,
				36B309AC3BB04243ACFFE40C /* 4g.png */,
				9020D0B587C54016B00C4D3C /* 4s.png */,
				20B357CC8CC843F89165115E /* 5g.png */,
				C65F7B35DB5B42339CB77E3F /* 5s.png */,
				723D5FCF91D440CCA7ED04C1 /* 6g.png */,
				1CF4CF7AE5CC4C1789BD969F /* 6s.png */,
				012C775E34DA4E38B1290514 /* 7g.png */,
				0BD82B81EA60426DAA67C4AB /* 7s.png */,
				90D2C26935B84677A62C8E0E /* 8g.png */,
				E38EE369FEFD4911AA7C3654 /* 8s.png */,
				706D95C715784A1CBE2446AD /* 9g.png */,
				52B0B3B5B3B64852813E1EC0 /* 9s.png */,
				D95CD0FDA1134D81AFD63BC9 /* 01.png */,
				1F9DBFBE8312437192530744 /* 02.png */,
				A8B34CBBB19142EAA4A33D51 /* 03.png */,
				1872702BC3A94548B25F3184 /* 04.png */,
				B395430413B94FC78195E738 /* 05.png */,
				DC272BF09ADC41999338AE4C /* 06.png */,
				390EEC2C18CC4EE7A9AAEEC9 /* 07.png */,
				D6C4D532ECB54AA2BE00AF49 /* 08.png */,
				DF26C420690949BB96AA3E89 /* 09.png */,
				B6B42978049C4DF4B826E5F4 /* 10.png */,
				8BA8EE08BE154A14ACC9A7C5 /* 11.png */,
				63B2A9AB396B4369A7134D07 /* 12.png */,
				CB53C54DA98741C784DC85A8 /* 13.png */,
				0A7A63B9698E468DAB809FEA /* 14.png */,
				1FD143BF8F01483A9E584720 /* 15.png */,
				9D19A3F57C8A45E79528CCB8 /* 16.png */,
				545C91E5DBBB4594982B44CF /* 17.png */,
				8DED839F391B4B9D92D6908E /* 18.png */,
				4D1FA10E0CBB4F73804D00BB /* 19.png */,
				08ECE78B38274758AA3B6137 /* 20.png */,
			);
			name = Resources;
			sourceTree = "<group>";
		};
		13B07FAE1A68108700A75B9A /* DailyKin */ = {
			isa = PBXGroup;
			children = (
				008F07F21AC5B25A0029DE68 /* main.jsbundle */,
				13B07FAF1A68108700A75B9A /* AppDelegate.h */,
				13B07FB01A68108700A75B9A /* AppDelegate.m */,
				13B07FB51A68108700A75B9A /* Images.xcassets */,
				13B07FB61A68108700A75B9A /* Info.plist */,
				13B07FB11A68108700A75B9A /* LaunchScreen.xib */,
				13B07FB71A68108700A75B9A /* main.m */,
			);
			name = DailyKin;
			sourceTree = "<group>";
		};
		2D16E6871FA4F8E400B85C8A /* Frameworks */ = {
			isa = PBXGroup;
			children = (
				395C9F06241403DB006AE025 /* StoreKit.framework */,
				ED297162215061F000B7C4FE /* JavaScriptCore.framework */,
				ED2971642150620600B7C4FE /* JavaScriptCore.framework */,
				76FB363A1587A9CD69FCA070 /* libPods-DailyKin-tvOS.a */,
				1597559FFDB0BF87E10DC25A /* libPods-DailyKin-tvOSTests.a */,
				B77A84B1FB2AB320BB117235 /* libPods-DailyKinTests.a */,
				153AE6080FE5AF3FDEB14F90 /* libPods-Daily Kin.a */,
			);
			name = Frameworks;
			sourceTree = "<group>";
		};
		832341AE1AAA6A7D00B99B32 /* Libraries */ = {
			isa = PBXGroup;
			children = (
			);
			name = Libraries;
			sourceTree = "<group>";
		};
		83CBB9F61A601CBA00E9B192 = {
			isa = PBXGroup;
			children = (
				13B07FAE1A68108700A75B9A /* DailyKin */,
				832341AE1AAA6A7D00B99B32 /* Libraries */,
				00E356EF1AD99517003FC87E /* DailyKinTests */,
				83CBBA001A601CBA00E9B192 /* Products */,
				2D16E6871FA4F8E400B85C8A /* Frameworks */,
				A3325DB1605E95EC31A21E78 /* Pods */,
				12B5D5DD5265424BB0116BF7 /* Resources */,
			);
			indentWidth = 2;
			sourceTree = "<group>";
			tabWidth = 2;
			usesTabs = 0;
		};
		83CBBA001A601CBA00E9B192 /* Products */ = {
			isa = PBXGroup;
			children = (
				13B07F961A680F5B00A75B9A /* Daily Kin.app */,
				00E356EE1AD99517003FC87E /* DailyKinTests.xctest */,
				2D02E47B1E0B4A5D006451C7 /* DailyKin-tvOS.app */,
				2D02E4901E0B4A5D006451C7 /* DailyKin-tvOSTests.xctest */,
			);
			name = Products;
			sourceTree = "<group>";
		};
		A3325DB1605E95EC31A21E78 /* Pods */ = {
			isa = PBXGroup;
			children = (
				D37D5FD93CED49655372FCB8 /* Pods-DailyKin.debug.xcconfig */,
				95A35C955F62B305B16E120B /* Pods-DailyKin.release.xcconfig */,
				3781255A43DC60BC408703A9 /* Pods-DailyKin-tvOS.debug.xcconfig */,
				E8F002479E10652F2C3B72F9 /* Pods-DailyKin-tvOS.release.xcconfig */,
				2BB376E1F435703DD7970C74 /* Pods-DailyKin-tvOSTests.debug.xcconfig */,
				483EAAD55569EA7F5CB4A9D8 /* Pods-DailyKin-tvOSTests.release.xcconfig */,
				A756D3BD7923824F4022E4DB /* Pods-DailyKinTests.debug.xcconfig */,
				3B538751CF823A335E627F41 /* Pods-DailyKinTests.release.xcconfig */,
				8E2E7F4A3EB2E3DEFC3EC6E8 /* Pods-Daily Kin.debug.xcconfig */,
				F691026725235FA749704F16 /* Pods-Daily Kin.release.xcconfig */,
			);
			path = Pods;
			sourceTree = "<group>";
		};
/* End PBXGroup section */

/* Begin PBXNativeTarget section */
		00E356ED1AD99517003FC87E /* DailyKinTests */ = {
			isa = PBXNativeTarget;
			buildConfigurationList = 00E357021AD99517003FC87E /* Build configuration list for PBXNativeTarget "DailyKinTests" */;
			buildPhases = (
				61AB817E0F687A91057E8DAB /* [CP] Check Pods Manifest.lock */,
				00E356EA1AD99517003FC87E /* Sources */,
				00E356EB1AD99517003FC87E /* Frameworks */,
				00E356EC1AD99517003FC87E /* Resources */,
			);
			buildRules = (
			);
			dependencies = (
				00E356F51AD99517003FC87E /* PBXTargetDependency */,
			);
			name = DailyKinTests;
			productName = DailyKinTests;
			productReference = 00E356EE1AD99517003FC87E /* DailyKinTests.xctest */;
			productType = "com.apple.product-type.bundle.unit-test";
		};
		13B07F861A680F5B00A75B9A /* Daily Kin */ = {
			isa = PBXNativeTarget;
			buildConfigurationList = 13B07F931A680F5B00A75B9A /* Build configuration list for PBXNativeTarget "Daily Kin" */;
			buildPhases = (
				4AD9D95E8D7CE689FF3BF8A9 /* [CP] Check Pods Manifest.lock */,
				FD10A7F022414F080027D42C /* Start Packager */,
				13B07F871A680F5B00A75B9A /* Sources */,
				13B07F8C1A680F5B00A75B9A /* Frameworks */,
				13B07F8E1A680F5B00A75B9A /* Resources */,
				00DD1BFF1BD5951E006B06BC /* Bundle React Native code and images */,
				3A1D06F02AC587043AFCE60B /* [CP] Copy Pods Resources */,
			);
			buildRules = (
			);
			dependencies = (
			);
			name = "Daily Kin";
			productName = DailyKin;
			productReference = 13B07F961A680F5B00A75B9A /* Daily Kin.app */;
			productType = "com.apple.product-type.application";
		};
		2D02E47A1E0B4A5D006451C7 /* DailyKin-tvOS */ = {
			isa = PBXNativeTarget;
			buildConfigurationList = 2D02E4BA1E0B4A5E006451C7 /* Build configuration list for PBXNativeTarget "DailyKin-tvOS" */;
			buildPhases = (
				A12B8BFC5CB21DD9FE6DD9F1 /* [CP] Check Pods Manifest.lock */,
				FD10A7F122414F3F0027D42C /* Start Packager */,
				2D02E4771E0B4A5D006451C7 /* Sources */,
				2D02E4781E0B4A5D006451C7 /* Frameworks */,
				2D02E4791E0B4A5D006451C7 /* Resources */,
				2D02E4CB1E0B4B27006451C7 /* Bundle React Native Code And Images */,
			);
			buildRules = (
			);
			dependencies = (
			);
			name = "DailyKin-tvOS";
			productName = "DailyKin-tvOS";
			productReference = 2D02E47B1E0B4A5D006451C7 /* DailyKin-tvOS.app */;
			productType = "com.apple.product-type.application";
		};
		2D02E48F1E0B4A5D006451C7 /* DailyKin-tvOSTests */ = {
			isa = PBXNativeTarget;
			buildConfigurationList = 2D02E4BB1E0B4A5E006451C7 /* Build configuration list for PBXNativeTarget "DailyKin-tvOSTests" */;
			buildPhases = (
				F947822EA56F2BF540DDB7DA /* [CP] Check Pods Manifest.lock */,
				2D02E48C1E0B4A5D006451C7 /* Sources */,
				2D02E48D1E0B4A5D006451C7 /* Frameworks */,
				2D02E48E1E0B4A5D006451C7 /* Resources */,
			);
			buildRules = (
			);
			dependencies = (
				2D02E4921E0B4A5D006451C7 /* PBXTargetDependency */,
			);
			name = "DailyKin-tvOSTests";
			productName = "DailyKin-tvOSTests";
			productReference = 2D02E4901E0B4A5D006451C7 /* DailyKin-tvOSTests.xctest */;
			productType = "com.apple.product-type.bundle.unit-test";
		};
/* End PBXNativeTarget section */

/* Begin PBXProject section */
		83CBB9F71A601CBA00E9B192 /* Project object */ = {
			isa = PBXProject;
			attributes = {
				LastUpgradeCheck = 940;
				ORGANIZATIONNAME = Facebook;
				TargetAttributes = {
					00E356ED1AD99517003FC87E = {
						CreatedOnToolsVersion = 6.2;
						DevelopmentTeam = 6KKG5JRQ8R;
						ProvisioningStyle = Automatic;
						TestTargetID = 13B07F861A680F5B00A75B9A;
					};
					13B07F861A680F5B00A75B9A = {
						DevelopmentTeam = 6KKG5JRQ8R;
						ProvisioningStyle = Automatic;
					};
					2D02E47A1E0B4A5D006451C7 = {
						CreatedOnToolsVersion = 8.2.1;
						DevelopmentTeam = 6KKG5JRQ8R;
						ProvisioningStyle = Automatic;
					};
					2D02E48F1E0B4A5D006451C7 = {
						CreatedOnToolsVersion = 8.2.1;
						DevelopmentTeam = 6KKG5JRQ8R;
						ProvisioningStyle = Automatic;
						TestTargetID = 2D02E47A1E0B4A5D006451C7;
					};
				};
			};
			buildConfigurationList = 83CBB9FA1A601CBA00E9B192 /* Build configuration list for PBXProject "DailyKin" */;
			compatibilityVersion = "Xcode 3.2";
			developmentRegion = English;
			hasScannedForEncodings = 0;
			knownRegions = (
				English,
				en,
				Base,
			);
			mainGroup = 83CBB9F61A601CBA00E9B192;
			productRefGroup = 83CBBA001A601CBA00E9B192 /* Products */;
			projectDirPath = "";
			projectRoot = "";
			targets = (
				13B07F861A680F5B00A75B9A /* Daily Kin */,
				00E356ED1AD99517003FC87E /* DailyKinTests */,
				2D02E47A1E0B4A5D006451C7 /* DailyKin-tvOS */,
				2D02E48F1E0B4A5D006451C7 /* DailyKin-tvOSTests */,
			);
		};
/* End PBXProject section */

/* Begin PBXResourcesBuildPhase section */
		00E356EC1AD99517003FC87E /* Resources */ = {
			isa = PBXResourcesBuildPhase;
			buildActionMask = 2147483647;
			files = (
			);
			runOnlyForDeploymentPostprocessing = 0;
		};
		13B07F8E1A680F5B00A75B9A /* Resources */ = {
			isa = PBXResourcesBuildPhase;
			buildActionMask = 2147483647;
			files = (
				395C9EF42412EC30006AE025 /* Metamorphous-Regular.ttf in Resources */,
				395C9EF52412EC30006AE025 /* AntDesign.ttf in Resources */,
				395C9EF62412EC30006AE025 /* Entypo.ttf in Resources */,
				395C9EF72412EC30006AE025 /* EvilIcons.ttf in Resources */,
				395C9EF82412EC30006AE025 /* Feather.ttf in Resources */,
				395C9EF92412EC30006AE025 /* FontAwesome.ttf in Resources */,
				395C9EFA2412EC30006AE025 /* FontAwesome5_Brands.ttf in Resources */,
				395C9EFB2412EC30006AE025 /* FontAwesome5_Regular.ttf in Resources */,
				395C9EFC2412EC30006AE025 /* FontAwesome5_Solid.ttf in Resources */,
				395C9EFD2412EC30006AE025 /* Fontisto.ttf in Resources */,
				395C9EFE2412EC31006AE025 /* Foundation.ttf in Resources */,
				395C9EFF2412EC31006AE025 /* Ionicons.ttf in Resources */,
				395C9F002412EC31006AE025 /* MaterialCommunityIcons.ttf in Resources */,
				395C9F012412EC31006AE025 /* MaterialIcons.ttf in Resources */,
				395C9F022412EC31006AE025 /* Octicons.ttf in Resources */,
				395C9F032412EC31006AE025 /* SimpleLineIcons.ttf in Resources */,
				395C9F042412EC31006AE025 /* Zocial.ttf in Resources */,
				395C9F052412EC31006AE025 /* metamorphous_regular.ttf in Resources */,
				13B07FBF1A68108700A75B9A /* Images.xcassets in Resources */,
				13B07FBD1A68108700A75B9A /* LaunchScreen.xib in Resources */,
				99003A619CD34CA2ABE26B86 /* moon_fq.png in Resources */,
				58D5904A5D6F47CFA94AC183 /* moon_full.png in Resources */,
				785EA49410E2420592A72915 /* moon_lq.png in Resources */,
				FE2F7C3FB37842B1880DF134 /* moon_new.png in Resources */,
				F918F6DB0E66435383032687 /* moon_wanc.png in Resources */,
				0B8CA176A06C46F59D28A7A9 /* moon_wang.png in Resources */,
				813EA11311AC4F37BD9E2048 /* moon_waxc.png in Resources */,
				4C65758F80E34F189A613751 /* moon_waxg.png in Resources */,
				9AAA6A6D69F845D8A809A956 /* space.jpg in Resources */,
				805B3E37D78F4DC59CB0798D /* 10g.png in Resources */,
				0D9DA27CB9C247F880222CB2 /* 10s.png in Resources */,
				A67438FB0A4B4562BB58E73B /* 11g.png in Resources */,
				D330CAAAD23F452AA2553EF8 /* 11s.png in Resources */,
				638C70530C17435C98487995 /* 12g.png in Resources */,
				7F96CCC9D64143369EC625CF /* 12s.png in Resources */,
				7034A143CDA54772BEE3341C /* 13g.png in Resources */,
				86738E3B538F47CABC16C857 /* 13s.png in Resources */,
				797773AAB5FA4D2AB662204F /* 1g.png in Resources */,
				E0B72D4641DA4D5198EE7719 /* 1s.png in Resources */,
				3C83B9954D0F40098EABCCF4 /* 2g.png in Resources */,
				8901B86F8A19415989F78D6E /* 2s.png in Resources */,
				CFE0953889A84FD3BF27DF61 /* 3g.png in Resources */,
				3049C96513BD4C15A7D73789 /* 3s.png in Resources */,
				F51D2F00ECCF4E5C853CB42D /* 4g.png in Resources */,
				5D3E50D16A424E538179C3D7 /* 4s.png in Resources */,
				B35453EA39054F43A0107AD5 /* 5g.png in Resources */,
				DA4242486E634F4B83C49D39 /* 5s.png in Resources */,
				B84DE5921F534FD58FAE0056 /* 6g.png in Resources */,
				9247AC0FFD294B4A93CD61CA /* 6s.png in Resources */,
				1A4596F6B1C443668994C1DE /* 7g.png in Resources */,
				4387015627B14B5AB5D1EFBA /* 7s.png in Resources */,
				EB1E1258B15D44C8827191F7 /* 8g.png in Resources */,
				053921D97E9E40DBA9D0F2DB /* 8s.png in Resources */,
				F2CA251FE76846AC840916F6 /* 9g.png in Resources */,
				E8D7D1C8AC854EF688F99181 /* 9s.png in Resources */,
				60F2A40BF0D441D281DD5DA2 /* 01.png in Resources */,
				4E55C8F554BE4FD0986B73DC /* 02.png in Resources */,
				4AC486565D8F4794A79AB8E3 /* 03.png in Resources */,
				2030A16C1A6A491F9BC47E74 /* 04.png in Resources */,
				FADB9A87015E41BBA5C28592 /* 05.png in Resources */,
				BF936439041843EBA9C4820A /* 06.png in Resources */,
				A7B45DFECFE24D1F9547587A /* 07.png in Resources */,
				CAD7ADCF007944779F87827F /* 08.png in Resources */,
				ABCD395D99F14C29BAF0A138 /* 09.png in Resources */,
				3727A91445C84B95800A7479 /* 10.png in Resources */,
				A41743FB3AFB432BBDD06AAB /* 11.png in Resources */,
				C957A715E4C84B079B382D25 /* 12.png in Resources */,
				BAFD7EF1DE3F4076A28E7B9A /* 13.png in Resources */,
				6E65A7F9927C4FC9B574E717 /* 14.png in Resources */,
				9DEEEC515BEE40B08631A97A /* 15.png in Resources */,
				4C224B4B9A2E49D5850BAD72 /* 16.png in Resources */,
				85060FDE7C764EB7884ABB14 /* 17.png in Resources */,
				1637CCE9DE264D5AADD1837A /* 18.png in Resources */,
				3AA1C041777C43D09A2391C8 /* 19.png in Resources */,
				6D0DB514C4434D3B86721047 /* 20.png in Resources */,
			);
			runOnlyForDeploymentPostprocessing = 0;
		};
		2D02E4791E0B4A5D006451C7 /* Resources */ = {
			isa = PBXResourcesBuildPhase;
			buildActionMask = 2147483647;
			files = (
				2D02E4BD1E0B4A84006451C7 /* Images.xcassets in Resources */,
			);
			runOnlyForDeploymentPostprocessing = 0;
		};
		2D02E48E1E0B4A5D006451C7 /* Resources */ = {
			isa = PBXResourcesBuildPhase;
			buildActionMask = 2147483647;
			files = (
			);
			runOnlyForDeploymentPostprocessing = 0;
		};
/* End PBXResourcesBuildPhase section */

/* Begin PBXShellScriptBuildPhase section */
		00DD1BFF1BD5951E006B06BC /* Bundle React Native code and images */ = {
			isa = PBXShellScriptBuildPhase;
			buildActionMask = 2147483647;
			files = (
			);
			inputPaths = (
			);
			name = "Bundle React Native code and images";
			outputPaths = (
			);
			runOnlyForDeploymentPostprocessing = 0;
			shellPath = /bin/sh;
			shellScript = "export NODE_BINARY=node\n../node_modules/react-native/scripts/react-native-xcode.sh\n";
		};
		2D02E4CB1E0B4B27006451C7 /* Bundle React Native Code And Images */ = {
			isa = PBXShellScriptBuildPhase;
			buildActionMask = 2147483647;
			files = (
			);
			inputPaths = (
			);
			name = "Bundle React Native Code And Images";
			outputPaths = (
			);
			runOnlyForDeploymentPostprocessing = 0;
			shellPath = /bin/sh;
			shellScript = "export NODE_BINARY=node\n../node_modules/react-native/scripts/react-native-xcode.sh";
		};
		3A1D06F02AC587043AFCE60B /* [CP] Copy Pods Resources */ = {
			isa = PBXShellScriptBuildPhase;
			buildActionMask = 2147483647;
			files = (
			);
			inputPaths = (
				"${PODS_ROOT}/Target Support Files/Pods-Daily Kin/Pods-Daily Kin-resources.sh",
			);
			name = "[CP] Copy Pods Resources";
			outputPaths = (
			);
			runOnlyForDeploymentPostprocessing = 0;
			shellPath = /bin/sh;
			shellScript = "\"${PODS_ROOT}/Target Support Files/Pods-Daily Kin/Pods-Daily Kin-resources.sh\"\n";
			showEnvVarsInLog = 0;
		};
		4AD9D95E8D7CE689FF3BF8A9 /* [CP] Check Pods Manifest.lock */ = {
			isa = PBXShellScriptBuildPhase;
			buildActionMask = 2147483647;
			files = (
			);
			inputFileListPaths = (
			);
			inputPaths = (
				"${PODS_PODFILE_DIR_PATH}/Podfile.lock",
				"${PODS_ROOT}/Manifest.lock",
			);
			name = "[CP] Check Pods Manifest.lock";
			outputFileListPaths = (
			);
			outputPaths = (
				"$(DERIVED_FILE_DIR)/Pods-Daily Kin-checkManifestLockResult.txt",
			);
			runOnlyForDeploymentPostprocessing = 0;
			shellPath = /bin/sh;
			shellScript = "diff \"${PODS_PODFILE_DIR_PATH}/Podfile.lock\" \"${PODS_ROOT}/Manifest.lock\" > /dev/null\nif [ $? != 0 ] ; then\n    # print error to STDERR\n    echo \"error: The sandbox is not in sync with the Podfile.lock. Run 'pod install' or update your CocoaPods installation.\" >&2\n    exit 1\nfi\n# This output is used by Xcode 'outputs' to avoid re-running this script phase.\necho \"SUCCESS\" > \"${SCRIPT_OUTPUT_FILE_0}\"\n";
			showEnvVarsInLog = 0;
		};
		61AB817E0F687A91057E8DAB /* [CP] Check Pods Manifest.lock */ = {
			isa = PBXShellScriptBuildPhase;
			buildActionMask = 2147483647;
			files = (
			);
			inputFileListPaths = (
			);
			inputPaths = (
				"${PODS_PODFILE_DIR_PATH}/Podfile.lock",
				"${PODS_ROOT}/Manifest.lock",
			);
			name = "[CP] Check Pods Manifest.lock";
			outputFileListPaths = (
			);
			outputPaths = (
				"$(DERIVED_FILE_DIR)/Pods-DailyKinTests-checkManifestLockResult.txt",
			);
			runOnlyForDeploymentPostprocessing = 0;
			shellPath = /bin/sh;
			shellScript = "diff \"${PODS_PODFILE_DIR_PATH}/Podfile.lock\" \"${PODS_ROOT}/Manifest.lock\" > /dev/null\nif [ $? != 0 ] ; then\n    # print error to STDERR\n    echo \"error: The sandbox is not in sync with the Podfile.lock. Run 'pod install' or update your CocoaPods installation.\" >&2\n    exit 1\nfi\n# This output is used by Xcode 'outputs' to avoid re-running this script phase.\necho \"SUCCESS\" > \"${SCRIPT_OUTPUT_FILE_0}\"\n";
			showEnvVarsInLog = 0;
		};
		A12B8BFC5CB21DD9FE6DD9F1 /* [CP] Check Pods Manifest.lock */ = {
			isa = PBXShellScriptBuildPhase;
			buildActionMask = 2147483647;
			files = (
			);
			inputFileListPaths = (
			);
			inputPaths = (
				"${PODS_PODFILE_DIR_PATH}/Podfile.lock",
				"${PODS_ROOT}/Manifest.lock",
			);
			name = "[CP] Check Pods Manifest.lock";
			outputFileListPaths = (
			);
			outputPaths = (
				"$(DERIVED_FILE_DIR)/Pods-DailyKin-tvOS-checkManifestLockResult.txt",
			);
			runOnlyForDeploymentPostprocessing = 0;
			shellPath = /bin/sh;
			shellScript = "diff \"${PODS_PODFILE_DIR_PATH}/Podfile.lock\" \"${PODS_ROOT}/Manifest.lock\" > /dev/null\nif [ $? != 0 ] ; then\n    # print error to STDERR\n    echo \"error: The sandbox is not in sync with the Podfile.lock. Run 'pod install' or update your CocoaPods installation.\" >&2\n    exit 1\nfi\n# This output is used by Xcode 'outputs' to avoid re-running this script phase.\necho \"SUCCESS\" > \"${SCRIPT_OUTPUT_FILE_0}\"\n";
			showEnvVarsInLog = 0;
		};
		F947822EA56F2BF540DDB7DA /* [CP] Check Pods Manifest.lock */ = {
			isa = PBXShellScriptBuildPhase;
			buildActionMask = 2147483647;
			files = (
			);
			inputFileListPaths = (
			);
			inputPaths = (
				"${PODS_PODFILE_DIR_PATH}/Podfile.lock",
				"${PODS_ROOT}/Manifest.lock",
			);
			name = "[CP] Check Pods Manifest.lock";
			outputFileListPaths = (
			);
			outputPaths = (
				"$(DERIVED_FILE_DIR)/Pods-DailyKin-tvOSTests-checkManifestLockResult.txt",
			);
			runOnlyForDeploymentPostprocessing = 0;
			shellPath = /bin/sh;
			shellScript = "diff \"${PODS_PODFILE_DIR_PATH}/Podfile.lock\" \"${PODS_ROOT}/Manifest.lock\" > /dev/null\nif [ $? != 0 ] ; then\n    # print error to STDERR\n    echo \"error: The sandbox is not in sync with the Podfile.lock. Run 'pod install' or update your CocoaPods installation.\" >&2\n    exit 1\nfi\n# This output is used by Xcode 'outputs' to avoid re-running this script phase.\necho \"SUCCESS\" > \"${SCRIPT_OUTPUT_FILE_0}\"\n";
			showEnvVarsInLog = 0;
		};
		FD10A7F022414F080027D42C /* Start Packager */ = {
			isa = PBXShellScriptBuildPhase;
			buildActionMask = 2147483647;
			files = (
			);
			inputFileListPaths = (
			);
			inputPaths = (
			);
			name = "Start Packager";
			outputFileListPaths = (
			);
			outputPaths = (
			);
			runOnlyForDeploymentPostprocessing = 0;
			shellPath = /bin/sh;
			shellScript = "export RCT_METRO_PORT=\"${RCT_METRO_PORT:=8081}\"\necho \"export RCT_METRO_PORT=${RCT_METRO_PORT}\" > \"${SRCROOT}/../node_modules/react-native/scripts/.packager.env\"\nif [ -z \"${RCT_NO_LAUNCH_PACKAGER+xxx}\" ] ; then\n  if nc -w 5 -z localhost ${RCT_METRO_PORT} ; then\n    if ! curl -s \"http://localhost:${RCT_METRO_PORT}/status\" | grep -q \"packager-status:running\" ; then\n      echo \"Port ${RCT_METRO_PORT} already in use, packager is either not running or not running correctly\"\n      exit 2\n    fi\n  else\n    open \"$SRCROOT/../node_modules/react-native/scripts/launchPackager.command\" || echo \"Can't start packager automatically\"\n  fi\nfi\n";
			showEnvVarsInLog = 0;
		};
		FD10A7F122414F3F0027D42C /* Start Packager */ = {
			isa = PBXShellScriptBuildPhase;
			buildActionMask = 2147483647;
			files = (
			);
			inputFileListPaths = (
			);
			inputPaths = (
			);
			name = "Start Packager";
			outputFileListPaths = (
			);
			outputPaths = (
			);
			runOnlyForDeploymentPostprocessing = 0;
			shellPath = /bin/sh;
			shellScript = "export RCT_METRO_PORT=\"${RCT_METRO_PORT:=8081}\"\necho \"export RCT_METRO_PORT=${RCT_METRO_PORT}\" > \"${SRCROOT}/../node_modules/react-native/scripts/.packager.env\"\nif [ -z \"${RCT_NO_LAUNCH_PACKAGER+xxx}\" ] ; then\n  if nc -w 5 -z localhost ${RCT_METRO_PORT} ; then\n    if ! curl -s \"http://localhost:${RCT_METRO_PORT}/status\" | grep -q \"packager-status:running\" ; then\n      echo \"Port ${RCT_METRO_PORT} already in use, packager is either not running or not running correctly\"\n      exit 2\n    fi\n  else\n    open \"$SRCROOT/../node_modules/react-native/scripts/launchPackager.command\" || echo \"Can't start packager automatically\"\n  fi\nfi\n";
			showEnvVarsInLog = 0;
		};
/* End PBXShellScriptBuildPhase section */

/* Begin PBXSourcesBuildPhase section */
		00E356EA1AD99517003FC87E /* Sources */ = {
			isa = PBXSourcesBuildPhase;
			buildActionMask = 2147483647;
			files = (
				00E356F31AD99517003FC87E /* DailyKinTests.m in Sources */,
			);
			runOnlyForDeploymentPostprocessing = 0;
		};
		13B07F871A680F5B00A75B9A /* Sources */ = {
			isa = PBXSourcesBuildPhase;
			buildActionMask = 2147483647;
			files = (
				13B07FBC1A68108700A75B9A /* AppDelegate.m in Sources */,
				13B07FC11A68108700A75B9A /* main.m in Sources */,
			);
			runOnlyForDeploymentPostprocessing = 0;
		};
		2D02E4771E0B4A5D006451C7 /* Sources */ = {
			isa = PBXSourcesBuildPhase;
			buildActionMask = 2147483647;
			files = (
				2D02E4BF1E0B4AB3006451C7 /* main.m in Sources */,
				2D02E4BC1E0B4A80006451C7 /* AppDelegate.m in Sources */,
			);
			runOnlyForDeploymentPostprocessing = 0;
		};
		2D02E48C1E0B4A5D006451C7 /* Sources */ = {
			isa = PBXSourcesBuildPhase;
			buildActionMask = 2147483647;
			files = (
				2DCD954D1E0B4F2C00145EB5 /* DailyKinTests.m in Sources */,
			);
			runOnlyForDeploymentPostprocessing = 0;
		};
/* End PBXSourcesBuildPhase section */

/* Begin PBXTargetDependency section */
		00E356F51AD99517003FC87E /* PBXTargetDependency */ = {
			isa = PBXTargetDependency;
			target = 13B07F861A680F5B00A75B9A /* Daily Kin */;
			targetProxy = 00E356F41AD99517003FC87E /* PBXContainerItemProxy */;
		};
		2D02E4921E0B4A5D006451C7 /* PBXTargetDependency */ = {
			isa = PBXTargetDependency;
			target = 2D02E47A1E0B4A5D006451C7 /* DailyKin-tvOS */;
			targetProxy = 2D02E4911E0B4A5D006451C7 /* PBXContainerItemProxy */;
		};
/* End PBXTargetDependency section */

/* Begin PBXVariantGroup section */
		13B07FB11A68108700A75B9A /* LaunchScreen.xib */ = {
			isa = PBXVariantGroup;
			children = (
				13B07FB21A68108700A75B9A /* Base */,
			);
			name = LaunchScreen.xib;
			path = DailyKin;
			sourceTree = "<group>";
		};
/* End PBXVariantGroup section */

/* Begin XCBuildConfiguration section */
		00E356F61AD99517003FC87E /* Debug */ = {
			isa = XCBuildConfiguration;
			baseConfigurationReference = A756D3BD7923824F4022E4DB /* Pods-DailyKinTests.debug.xcconfig */;
			buildSettings = {
				BUNDLE_LOADER = "$(TEST_HOST)";
				GCC_PREPROCESSOR_DEFINITIONS = (
					"DEBUG=1",
					"$(inherited)",
				);
				INFOPLIST_FILE = DailyKinTests/Info.plist;
				IPHONEOS_DEPLOYMENT_TARGET = 9.0;
				LD_RUNPATH_SEARCH_PATHS = "$(inherited) @executable_path/Frameworks @loader_path/Frameworks";
				OTHER_LDFLAGS = (
					"-ObjC",
					"-lc++",
					"$(inherited)",
				);
				PRODUCT_BUNDLE_IDENTIFIER = "com.$(PRODUCT_NAME:rfc1034identifier)";
				PRODUCT_NAME = "$(TARGET_NAME)";
				TEST_HOST = "$(BUILT_PRODUCTS_DIR)/Daily Kin.app/Daily Kin";
			};
			name = Debug;
		};
		00E356F71AD99517003FC87E /* Release */ = {
			isa = XCBuildConfiguration;
			baseConfigurationReference = 3B538751CF823A335E627F41 /* Pods-DailyKinTests.release.xcconfig */;
			buildSettings = {
				BUNDLE_LOADER = "$(TEST_HOST)";
				COPY_PHASE_STRIP = NO;
				INFOPLIST_FILE = DailyKinTests/Info.plist;
				IPHONEOS_DEPLOYMENT_TARGET = 9.0;
				LD_RUNPATH_SEARCH_PATHS = "$(inherited) @executable_path/Frameworks @loader_path/Frameworks";
				OTHER_LDFLAGS = (
					"-ObjC",
					"-lc++",
					"$(inherited)",
				);
				PRODUCT_BUNDLE_IDENTIFIER = "com.$(PRODUCT_NAME:rfc1034identifier)";
				PRODUCT_NAME = "$(TARGET_NAME)";
				TEST_HOST = "$(BUILT_PRODUCTS_DIR)/Daily Kin.app/Daily Kin";
			};
			name = Release;
		};
		13B07F941A680F5B00A75B9A /* Debug */ = {
			isa = XCBuildConfiguration;
			baseConfigurationReference = 8E2E7F4A3EB2E3DEFC3EC6E8 /* Pods-Daily Kin.debug.xcconfig */;
			buildSettings = {
				ASSETCATALOG_COMPILER_APPICON_NAME = AppIcon;
				CURRENT_PROJECT_VERSION = 2;
				DEAD_CODE_STRIPPING = NO;
				DEVELOPMENT_TEAM = 6KKG5JRQ8R;
				INFOPLIST_FILE = DailyKin/Info.plist;
				LD_RUNPATH_SEARCH_PATHS = "$(inherited) @executable_path/Frameworks";
				MARKETING_VERSION = 0.2;
				OTHER_LDFLAGS = (
					"$(inherited)",
					"-ObjC",
					"-lc++",
				);
				PRODUCT_BUNDLE_IDENTIFIER = com.DailyKin;
				PRODUCT_NAME = "Daily Kin";
				VERSIONING_SYSTEM = "apple-generic";
			};
			name = Debug;
		};
		13B07F951A680F5B00A75B9A /* Release */ = {
			isa = XCBuildConfiguration;
			baseConfigurationReference = F691026725235FA749704F16 /* Pods-Daily Kin.release.xcconfig */;
			buildSettings = {
				ASSETCATALOG_COMPILER_APPICON_NAME = AppIcon;
				CURRENT_PROJECT_VERSION = 2;
				DEVELOPMENT_TEAM = 6KKG5JRQ8R;
				INFOPLIST_FILE = DailyKin/Info.plist;
				LD_RUNPATH_SEARCH_PATHS = "$(inherited) @executable_path/Frameworks";
				MARKETING_VERSION = 0.2;
				OTHER_LDFLAGS = (
					"$(inherited)",
					"-ObjC",
					"-lc++",
				);
				PRODUCT_BUNDLE_IDENTIFIER = com.DailyKin;
				PRODUCT_NAME = "Daily Kin";
				VERSIONING_SYSTEM = "apple-generic";
			};
			name = Release;
		};
		2D02E4971E0B4A5E006451C7 /* Debug */ = {
			isa = XCBuildConfiguration;
			baseConfigurationReference = 3781255A43DC60BC408703A9 /* Pods-DailyKin-tvOS.debug.xcconfig */;
			buildSettings = {
				ASSETCATALOG_COMPILER_APPICON_NAME = "App Icon & Top Shelf Image";
				ASSETCATALOG_COMPILER_LAUNCHIMAGE_NAME = LaunchImage;
				CLANG_ANALYZER_NONNULL = YES;
				CLANG_WARN_DOCUMENTATION_COMMENTS = YES;
				CLANG_WARN_INFINITE_RECURSION = YES;
				CLANG_WARN_SUSPICIOUS_MOVE = YES;
				DEBUG_INFORMATION_FORMAT = dwarf;
				ENABLE_TESTABILITY = YES;
				GCC_NO_COMMON_BLOCKS = YES;
				INFOPLIST_FILE = "DailyKin-tvOS/Info.plist";
				LD_RUNPATH_SEARCH_PATHS = "$(inherited) @executable_path/Frameworks";
				OTHER_LDFLAGS = (
					"$(inherited)",
					"-ObjC",
					"-lc++",
				);
				PRODUCT_BUNDLE_IDENTIFIER = "com.facebook.REACT.DailyKin-tvOS";
				PRODUCT_NAME = "$(TARGET_NAME)";
				SDKROOT = appletvos;
				TARGETED_DEVICE_FAMILY = 3;
				TVOS_DEPLOYMENT_TARGET = 9.2;
			};
			name = Debug;
		};
		2D02E4981E0B4A5E006451C7 /* Release */ = {
			isa = XCBuildConfiguration;
			baseConfigurationReference = E8F002479E10652F2C3B72F9 /* Pods-DailyKin-tvOS.release.xcconfig */;
			buildSettings = {
				ASSETCATALOG_COMPILER_APPICON_NAME = "App Icon & Top Shelf Image";
				ASSETCATALOG_COMPILER_LAUNCHIMAGE_NAME = LaunchImage;
				CLANG_ANALYZER_NONNULL = YES;
				CLANG_WARN_DOCUMENTATION_COMMENTS = YES;
				CLANG_WARN_INFINITE_RECURSION = YES;
				CLANG_WARN_SUSPICIOUS_MOVE = YES;
				COPY_PHASE_STRIP = NO;
				DEBUG_INFORMATION_FORMAT = "dwarf-with-dsym";
				GCC_NO_COMMON_BLOCKS = YES;
				INFOPLIST_FILE = "DailyKin-tvOS/Info.plist";
				LD_RUNPATH_SEARCH_PATHS = "$(inherited) @executable_path/Frameworks";
				OTHER_LDFLAGS = (
					"$(inherited)",
					"-ObjC",
					"-lc++",
				);
				PRODUCT_BUNDLE_IDENTIFIER = "com.facebook.REACT.DailyKin-tvOS";
				PRODUCT_NAME = "$(TARGET_NAME)";
				SDKROOT = appletvos;
				TARGETED_DEVICE_FAMILY = 3;
				TVOS_DEPLOYMENT_TARGET = 9.2;
			};
			name = Release;
		};
		2D02E4991E0B4A5E006451C7 /* Debug */ = {
			isa = XCBuildConfiguration;
			baseConfigurationReference = 2BB376E1F435703DD7970C74 /* Pods-DailyKin-tvOSTests.debug.xcconfig */;
			buildSettings = {
				BUNDLE_LOADER = "$(TEST_HOST)";
				CLANG_ANALYZER_NONNULL = YES;
				CLANG_WARN_DOCUMENTATION_COMMENTS = YES;
				CLANG_WARN_INFINITE_RECURSION = YES;
				CLANG_WARN_SUSPICIOUS_MOVE = YES;
				DEBUG_INFORMATION_FORMAT = dwarf;
				ENABLE_TESTABILITY = YES;
				GCC_NO_COMMON_BLOCKS = YES;
				INFOPLIST_FILE = "DailyKin-tvOSTests/Info.plist";
				LD_RUNPATH_SEARCH_PATHS = "$(inherited) @executable_path/Frameworks @loader_path/Frameworks";
				OTHER_LDFLAGS = (
					"$(inherited)",
					"-ObjC",
					"-lc++",
				);
				PRODUCT_BUNDLE_IDENTIFIER = "com.facebook.REACT.DailyKin-tvOSTests";
				PRODUCT_NAME = "$(TARGET_NAME)";
				SDKROOT = appletvos;
				TEST_HOST = "$(BUILT_PRODUCTS_DIR)/DailyKin-tvOS.app/DailyKin-tvOS";
				TVOS_DEPLOYMENT_TARGET = 10.1;
			};
			name = Debug;
		};
		2D02E49A1E0B4A5E006451C7 /* Release */ = {
			isa = XCBuildConfiguration;
			baseConfigurationReference = 483EAAD55569EA7F5CB4A9D8 /* Pods-DailyKin-tvOSTests.release.xcconfig */;
			buildSettings = {
				BUNDLE_LOADER = "$(TEST_HOST)";
				CLANG_ANALYZER_NONNULL = YES;
				CLANG_WARN_DOCUMENTATION_COMMENTS = YES;
				CLANG_WARN_INFINITE_RECURSION = YES;
				CLANG_WARN_SUSPICIOUS_MOVE = YES;
				COPY_PHASE_STRIP = NO;
				DEBUG_INFORMATION_FORMAT = "dwarf-with-dsym";
				GCC_NO_COMMON_BLOCKS = YES;
				INFOPLIST_FILE = "DailyKin-tvOSTests/Info.plist";
				LD_RUNPATH_SEARCH_PATHS = "$(inherited) @executable_path/Frameworks @loader_path/Frameworks";
				OTHER_LDFLAGS = (
					"$(inherited)",
					"-ObjC",
					"-lc++",
				);
				PRODUCT_BUNDLE_IDENTIFIER = "com.facebook.REACT.DailyKin-tvOSTests";
				PRODUCT_NAME = "$(TARGET_NAME)";
				SDKROOT = appletvos;
				TEST_HOST = "$(BUILT_PRODUCTS_DIR)/DailyKin-tvOS.app/DailyKin-tvOS";
				TVOS_DEPLOYMENT_TARGET = 10.1;
			};
			name = Release;
		};
		83CBBA201A601CBA00E9B192 /* Debug */ = {
			isa = XCBuildConfiguration;
			buildSettings = {
				ALWAYS_SEARCH_USER_PATHS = NO;
				CLANG_CXX_LANGUAGE_STANDARD = "gnu++0x";
				CLANG_CXX_LIBRARY = "libc++";
				CLANG_ENABLE_MODULES = YES;
				CLANG_ENABLE_OBJC_ARC = YES;
				CLANG_WARN_BLOCK_CAPTURE_AUTORELEASING = YES;
				CLANG_WARN_BOOL_CONVERSION = YES;
				CLANG_WARN_COMMA = YES;
				CLANG_WARN_CONSTANT_CONVERSION = YES;
				CLANG_WARN_DEPRECATED_OBJC_IMPLEMENTATIONS = YES;
				CLANG_WARN_DIRECT_OBJC_ISA_USAGE = YES_ERROR;
				CLANG_WARN_EMPTY_BODY = YES;
				CLANG_WARN_ENUM_CONVERSION = YES;
				CLANG_WARN_INFINITE_RECURSION = YES;
				CLANG_WARN_INT_CONVERSION = YES;
				CLANG_WARN_NON_LITERAL_NULL_CONVERSION = YES;
				CLANG_WARN_OBJC_IMPLICIT_RETAIN_SELF = YES;
				CLANG_WARN_OBJC_LITERAL_CONVERSION = YES;
				CLANG_WARN_OBJC_ROOT_CLASS = YES_ERROR;
				CLANG_WARN_RANGE_LOOP_ANALYSIS = YES;
				CLANG_WARN_STRICT_PROTOTYPES = YES;
				CLANG_WARN_SUSPICIOUS_MOVE = YES;
				CLANG_WARN_UNREACHABLE_CODE = YES;
				CLANG_WARN__DUPLICATE_METHOD_MATCH = YES;
				CODE_SIGN_IDENTITY = "Apple Development";
				"CODE_SIGN_IDENTITY[sdk=iphoneos*]" = "Apple Development";
				CODE_SIGN_STYLE = Automatic;
				COPY_PHASE_STRIP = NO;
				CURRENT_PROJECT_VERSION = "";
				DEVELOPMENT_TEAM = 6KKG5JRQ8R;
				ENABLE_STRICT_OBJC_MSGSEND = YES;
				ENABLE_TESTABILITY = YES;
				GCC_C_LANGUAGE_STANDARD = gnu99;
				GCC_DYNAMIC_NO_PIC = NO;
				GCC_NO_COMMON_BLOCKS = YES;
				GCC_OPTIMIZATION_LEVEL = 0;
				GCC_PREPROCESSOR_DEFINITIONS = (
					"DEBUG=1",
					"$(inherited)",
				);
				GCC_SYMBOLS_PRIVATE_EXTERN = NO;
				GCC_WARN_64_TO_32_BIT_CONVERSION = YES;
				GCC_WARN_ABOUT_RETURN_TYPE = YES_ERROR;
				GCC_WARN_UNDECLARED_SELECTOR = YES;
				GCC_WARN_UNINITIALIZED_AUTOS = YES_AGGRESSIVE;
				GCC_WARN_UNUSED_FUNCTION = YES;
				GCC_WARN_UNUSED_VARIABLE = YES;
				IPHONEOS_DEPLOYMENT_TARGET = 9;
				MTL_ENABLE_DEBUG_INFO = YES;
				ONLY_ACTIVE_ARCH = YES;
				PROVISIONING_PROFILE_SPECIFIER = "";
				SDKROOT = iphoneos;
				VERSIONING_SYSTEM = "";
			};
			name = Debug;
		};
		83CBBA211A601CBA00E9B192 /* Release */ = {
			isa = XCBuildConfiguration;
			buildSettings = {
				ALWAYS_SEARCH_USER_PATHS = NO;
				CLANG_CXX_LANGUAGE_STANDARD = "gnu++0x";
				CLANG_CXX_LIBRARY = "libc++";
				CLANG_ENABLE_MODULES = YES;
				CLANG_ENABLE_OBJC_ARC = YES;
				CLANG_WARN_BLOCK_CAPTURE_AUTORELEASING = YES;
				CLANG_WARN_BOOL_CONVERSION = YES;
				CLANG_WARN_COMMA = YES;
				CLANG_WARN_CONSTANT_CONVERSION = YES;
				CLANG_WARN_DEPRECATED_OBJC_IMPLEMENTATIONS = YES;
				CLANG_WARN_DIRECT_OBJC_ISA_USAGE = YES_ERROR;
				CLANG_WARN_EMPTY_BODY = YES;
				CLANG_WARN_ENUM_CONVERSION = YES;
				CLANG_WARN_INFINITE_RECURSION = YES;
				CLANG_WARN_INT_CONVERSION = YES;
				CLANG_WARN_NON_LITERAL_NULL_CONVERSION = YES;
				CLANG_WARN_OBJC_IMPLICIT_RETAIN_SELF = YES;
				CLANG_WARN_OBJC_LITERAL_CONVERSION = YES;
				CLANG_WARN_OBJC_ROOT_CLASS = YES_ERROR;
				CLANG_WARN_RANGE_LOOP_ANALYSIS = YES;
				CLANG_WARN_STRICT_PROTOTYPES = YES;
				CLANG_WARN_SUSPICIOUS_MOVE = YES;
				CLANG_WARN_UNREACHABLE_CODE = YES;
				CLANG_WARN__DUPLICATE_METHOD_MATCH = YES;
				CODE_SIGN_IDENTITY = "Apple Development";
				"CODE_SIGN_IDENTITY[sdk=iphoneos*]" = "Apple Development";
				CODE_SIGN_STYLE = Automatic;
				COPY_PHASE_STRIP = YES;
				CURRENT_PROJECT_VERSION = "";
				DEVELOPMENT_TEAM = 6KKG5JRQ8R;
				ENABLE_NS_ASSERTIONS = NO;
				ENABLE_STRICT_OBJC_MSGSEND = YES;
				GCC_C_LANGUAGE_STANDARD = gnu99;
				GCC_NO_COMMON_BLOCKS = YES;
				GCC_WARN_64_TO_32_BIT_CONVERSION = YES;
				GCC_WARN_ABOUT_RETURN_TYPE = YES_ERROR;
				GCC_WARN_UNDECLARED_SELECTOR = YES;
				GCC_WARN_UNINITIALIZED_AUTOS = YES_AGGRESSIVE;
				GCC_WARN_UNUSED_FUNCTION = YES;
				GCC_WARN_UNUSED_VARIABLE = YES;
				IPHONEOS_DEPLOYMENT_TARGET = 9;
				MTL_ENABLE_DEBUG_INFO = NO;
				PROVISIONING_PROFILE_SPECIFIER = "";
				SDKROOT = iphoneos;
				VALIDATE_PRODUCT = YES;
				VERSIONING_SYSTEM = "";
			};
			name = Release;
		};
/* End XCBuildConfiguration section */

/* Begin XCConfigurationList section */
		00E357021AD99517003FC87E /* Build configuration list for PBXNativeTarget "DailyKinTests" */ = {
			isa = XCConfigurationList;
			buildConfigurations = (
				00E356F61AD99517003FC87E /* Debug */,
				00E356F71AD99517003FC87E /* Release */,
			);
			defaultConfigurationIsVisible = 0;
			defaultConfigurationName = Release;
		};
		13B07F931A680F5B00A75B9A /* Build configuration list for PBXNativeTarget "Daily Kin" */ = {
			isa = XCConfigurationList;
			buildConfigurations = (
				13B07F941A680F5B00A75B9A /* Debug */,
				13B07F951A680F5B00A75B9A /* Release */,
			);
			defaultConfigurationIsVisible = 0;
			defaultConfigurationName = Release;
		};
		2D02E4BA1E0B4A5E006451C7 /* Build configuration list for PBXNativeTarget "DailyKin-tvOS" */ = {
			isa = XCConfigurationList;
			buildConfigurations = (
				2D02E4971E0B4A5E006451C7 /* Debug */,
				2D02E4981E0B4A5E006451C7 /* Release */,
			);
			defaultConfigurationIsVisible = 0;
			defaultConfigurationName = Release;
		};
		2D02E4BB1E0B4A5E006451C7 /* Build configuration list for PBXNativeTarget "DailyKin-tvOSTests" */ = {
			isa = XCConfigurationList;
			buildConfigurations = (
				2D02E4991E0B4A5E006451C7 /* Debug */,
				2D02E49A1E0B4A5E006451C7 /* Release */,
			);
			defaultConfigurationIsVisible = 0;
			defaultConfigurationName = Release;
		};
		83CBB9FA1A601CBA00E9B192 /* Build configuration list for PBXProject "DailyKin" */ = {
			isa = XCConfigurationList;
			buildConfigurations = (
				83CBBA201A601CBA00E9B192 /* Debug */,
				83CBBA211A601CBA00E9B192 /* Release */,
			);
			defaultConfigurationIsVisible = 0;
			defaultConfigurationName = Release;
		};
/* End XCConfigurationList section */
	};
	rootObject = 83CBB9F71A601CBA00E9B192 /* Project object */;
}
